// !$*UTF8*$!
{
	archiveVersion = 1;
	classes = {
	};
	objectVersion = 50;
	objects = {

/* Begin PBXBuildFile section */
		36135D2422F7289800D17330 /* ScreenHelp.swift in Sources */ = {isa = PBXBuildFile; fileRef = 36135D2222F7289800D17330 /* ScreenHelp.swift */; };
		36135D2722F728AC00D17330 /* UIFont+appTheme.swift in Sources */ = {isa = PBXBuildFile; fileRef = 36135D2622F728AC00D17330 /* UIFont+appTheme.swift */; };
		36135D4C22F871B200D17330 /* TradeItemRow.swift in Sources */ = {isa = PBXBuildFile; fileRef = 36135D4B22F871B200D17330 /* TradeItemRow.swift */; };
		36135D5422F9B02100D17330 /* Form.swift in Sources */ = {isa = PBXBuildFile; fileRef = 36135D5322F9B02100D17330 /* Form.swift */; };
		3649C75922F67FB9009AF83F /* AppDelegate.swift in Sources */ = {isa = PBXBuildFile; fileRef = 3649C75822F67FB9009AF83F /* AppDelegate.swift */; };
		3649C75B22F67FB9009AF83F /* SceneDelegate.swift in Sources */ = {isa = PBXBuildFile; fileRef = 3649C75A22F67FB9009AF83F /* SceneDelegate.swift */; };
		3649C75D22F67FB9009AF83F /* ViewController.swift in Sources */ = {isa = PBXBuildFile; fileRef = 3649C75C22F67FB9009AF83F /* ViewController.swift */; };
		3649C76522F67FBD009AF83F /* Assets.xcassets in Resources */ = {isa = PBXBuildFile; fileRef = 3649C76422F67FBD009AF83F /* Assets.xcassets */; };
		3649C76822F67FBD009AF83F /* LaunchScreen.storyboard in Resources */ = {isa = PBXBuildFile; fileRef = 3649C76622F67FBD009AF83F /* LaunchScreen.storyboard */; };
		3649C77322F67FBD009AF83F /* GiftMoneyTests.swift in Sources */ = {isa = PBXBuildFile; fileRef = 3649C77222F67FBD009AF83F /* GiftMoneyTests.swift */; };
		3649C77E22F67FBD009AF83F /* GiftMoneyUITests.swift in Sources */ = {isa = PBXBuildFile; fileRef = 3649C77D22F67FBD009AF83F /* GiftMoneyUITests.swift */; };
		3649C79022F68644009AF83F /* InoutRecordsViewController.swift in Sources */ = {isa = PBXBuildFile; fileRef = 3649C78F22F68644009AF83F /* InoutRecordsViewController.swift */; };
		3649C79222F68679009AF83F /* MineViewController.swift in Sources */ = {isa = PBXBuildFile; fileRef = 3649C79122F68679009AF83F /* MineViewController.swift */; };
		3649C79422F6869B009AF83F /* StatisticsViewController.swift in Sources */ = {isa = PBXBuildFile; fileRef = 3649C79322F6869B009AF83F /* StatisticsViewController.swift */; };
		369DFE1122F68F270005B67D /* UIColor+appTheme.swift in Sources */ = {isa = PBXBuildFile; fileRef = 369DFE1022F68F270005B67D /* UIColor+appTheme.swift */; };
		369DFE1F22F6BD8A0005B67D /* AddTradeViewController.swift in Sources */ = {isa = PBXBuildFile; fileRef = 369DFE1E22F6BD8A0005B67D /* AddTradeViewController.swift */; };
		369DFE2222F6BDD30005B67D /* InputField.swift in Sources */ = {isa = PBXBuildFile; fileRef = 369DFE2122F6BDD30005B67D /* InputField.swift */; };
		369DFE3722F6CD930005B67D /* BaseViewController.swift in Sources */ = {isa = PBXBuildFile; fileRef = 369DFE3422F6CD930005B67D /* BaseViewController.swift */; };
		369DFE3822F6CD930005B67D /* BaseNavigationController.swift in Sources */ = {isa = PBXBuildFile; fileRef = 369DFE3522F6CD930005B67D /* BaseNavigationController.swift */; };
		369DFE3922F6CD930005B67D /* MainTabViewController.swift in Sources */ = {isa = PBXBuildFile; fileRef = 369DFE3622F6CD930005B67D /* MainTabViewController.swift */; };
		369DFF2522F7094F0005B67D /* Common.framework in Frameworks */ = {isa = PBXBuildFile; fileRef = 369DFEBA22F708600005B67D /* Common.framework */; };
		369DFF2622F7094F0005B67D /* Common.framework in Embed Frameworks */ = {isa = PBXBuildFile; fileRef = 369DFEBA22F708600005B67D /* Common.framework */; settings = {ATTRIBUTES = (CodeSignOnCopy, RemoveHeadersOnCopy, ); }; };
		38EF4A7322F7C9C5007BB28A /* Trade.swift in Sources */ = {isa = PBXBuildFile; fileRef = 38EF4A7222F7C9C5007BB28A /* Trade.swift */; };
		38EF4A7A22F7D2D6007BB28A /* RealmManager.swift in Sources */ = {isa = PBXBuildFile; fileRef = 38EF4A7822F7D2D6007BB28A /* RealmManager.swift */; };
		38EF4A7B22F7D2D6007BB28A /* PrimaryKeyTable.swift in Sources */ = {isa = PBXBuildFile; fileRef = 38EF4A7922F7D2D6007BB28A /* PrimaryKeyTable.swift */; };
		38EF4A7D22F82CFB007BB28A /* SwitchInput.swift in Sources */ = {isa = PBXBuildFile; fileRef = 38EF4A7C22F82CFB007BB28A /* SwitchInput.swift */; };
		9131A2B286AAF38AC6E07A30 /* Pods_GiftMoneyTests.framework in Frameworks */ = {isa = PBXBuildFile; fileRef = 0CD9619697E07FCCA3869C7E /* Pods_GiftMoneyTests.framework */; };
		BEF4A2403A9B9C0A38D74C5F /* Pods_GiftMoneyUITests.framework in Frameworks */ = {isa = PBXBuildFile; fileRef = F2A6EF788216A996B40FFA38 /* Pods_GiftMoneyUITests.framework */; };
		CA2D5E3412DF8FDF1099AEF6 /* Pods_GiftMoney.framework in Frameworks */ = {isa = PBXBuildFile; fileRef = 7CFC11492E154530B342BA1B /* Pods_GiftMoney.framework */; };
/* End PBXBuildFile section */

/* Begin PBXContainerItemProxy section */
		3649C76F22F67FBD009AF83F /* PBXContainerItemProxy */ = {
			isa = PBXContainerItemProxy;
			containerPortal = 3649C74D22F67FB9009AF83F /* Project object */;
			proxyType = 1;
			remoteGlobalIDString = 3649C75422F67FB9009AF83F;
			remoteInfo = GiftMoney;
		};
		3649C77A22F67FBD009AF83F /* PBXContainerItemProxy */ = {
			isa = PBXContainerItemProxy;
			containerPortal = 3649C74D22F67FB9009AF83F /* Project object */;
			proxyType = 1;
			remoteGlobalIDString = 3649C75422F67FB9009AF83F;
			remoteInfo = GiftMoney;
		};
		369DFEB922F708600005B67D /* PBXContainerItemProxy */ = {
			isa = PBXContainerItemProxy;
			containerPortal = 369DFE3F22F708600005B67D /* Common.xcodeproj */;
			proxyType = 2;
			remoteGlobalIDString = 364F498A1E6710E500208E9D;
			remoteInfo = Common;
		};
		369DFEBB22F708600005B67D /* PBXContainerItemProxy */ = {
			isa = PBXContainerItemProxy;
			containerPortal = 369DFE3F22F708600005B67D /* Common.xcodeproj */;
			proxyType = 2;
			remoteGlobalIDString = 364F49931E6710E600208E9D;
			remoteInfo = CommonTests;
		};
		369DFF2322F7093E0005B67D /* PBXContainerItemProxy */ = {
			isa = PBXContainerItemProxy;
			containerPortal = 369DFE3F22F708600005B67D /* Common.xcodeproj */;
			proxyType = 1;
			remoteGlobalIDString = 364F49891E6710E500208E9D;
			remoteInfo = Common;
		};
/* End PBXContainerItemProxy section */

/* Begin PBXCopyFilesBuildPhase section */
		369DFF2722F7094F0005B67D /* Embed Frameworks */ = {
			isa = PBXCopyFilesBuildPhase;
			buildActionMask = 2147483647;
			dstPath = "";
			dstSubfolderSpec = 10;
			files = (
				369DFF2622F7094F0005B67D /* Common.framework in Embed Frameworks */,
			);
			name = "Embed Frameworks";
			runOnlyForDeploymentPostprocessing = 0;
		};
/* End PBXCopyFilesBuildPhase section */

/* Begin PBXFileReference section */
		0CD9619697E07FCCA3869C7E /* Pods_GiftMoneyTests.framework */ = {isa = PBXFileReference; explicitFileType = wrapper.framework; includeInIndex = 0; path = Pods_GiftMoneyTests.framework; sourceTree = BUILT_PRODUCTS_DIR; };
		36135D2222F7289800D17330 /* ScreenHelp.swift */ = {isa = PBXFileReference; fileEncoding = 4; lastKnownFileType = sourcecode.swift; path = ScreenHelp.swift; sourceTree = "<group>"; };
		36135D2622F728AC00D17330 /* UIFont+appTheme.swift */ = {isa = PBXFileReference; lastKnownFileType = sourcecode.swift; path = "UIFont+appTheme.swift"; sourceTree = "<group>"; };
		36135D4B22F871B200D17330 /* TradeItemRow.swift */ = {isa = PBXFileReference; lastKnownFileType = sourcecode.swift; path = TradeItemRow.swift; sourceTree = "<group>"; };
		36135D5322F9B02100D17330 /* Form.swift */ = {isa = PBXFileReference; lastKnownFileType = sourcecode.swift; path = Form.swift; sourceTree = "<group>"; };
		3649C75522F67FB9009AF83F /* GiftMoney.app */ = {isa = PBXFileReference; explicitFileType = wrapper.application; includeInIndex = 0; path = GiftMoney.app; sourceTree = BUILT_PRODUCTS_DIR; };
		3649C75822F67FB9009AF83F /* AppDelegate.swift */ = {isa = PBXFileReference; lastKnownFileType = sourcecode.swift; path = AppDelegate.swift; sourceTree = "<group>"; };
		3649C75A22F67FB9009AF83F /* SceneDelegate.swift */ = {isa = PBXFileReference; lastKnownFileType = sourcecode.swift; path = SceneDelegate.swift; sourceTree = "<group>"; };
		3649C75C22F67FB9009AF83F /* ViewController.swift */ = {isa = PBXFileReference; lastKnownFileType = sourcecode.swift; path = ViewController.swift; sourceTree = "<group>"; };
		3649C76422F67FBD009AF83F /* Assets.xcassets */ = {isa = PBXFileReference; lastKnownFileType = folder.assetcatalog; path = Assets.xcassets; sourceTree = "<group>"; };
		3649C76722F67FBD009AF83F /* Base */ = {isa = PBXFileReference; lastKnownFileType = file.storyboard; name = Base; path = Base.lproj/LaunchScreen.storyboard; sourceTree = "<group>"; };
		3649C76922F67FBD009AF83F /* Info.plist */ = {isa = PBXFileReference; lastKnownFileType = text.plist.xml; path = Info.plist; sourceTree = "<group>"; };
		3649C76E22F67FBD009AF83F /* GiftMoneyTests.xctest */ = {isa = PBXFileReference; explicitFileType = wrapper.cfbundle; includeInIndex = 0; path = GiftMoneyTests.xctest; sourceTree = BUILT_PRODUCTS_DIR; };
		3649C77222F67FBD009AF83F /* GiftMoneyTests.swift */ = {isa = PBXFileReference; lastKnownFileType = sourcecode.swift; path = GiftMoneyTests.swift; sourceTree = "<group>"; };
		3649C77422F67FBD009AF83F /* Info.plist */ = {isa = PBXFileReference; lastKnownFileType = text.plist.xml; path = Info.plist; sourceTree = "<group>"; };
		3649C77922F67FBD009AF83F /* GiftMoneyUITests.xctest */ = {isa = PBXFileReference; explicitFileType = wrapper.cfbundle; includeInIndex = 0; path = GiftMoneyUITests.xctest; sourceTree = BUILT_PRODUCTS_DIR; };
		3649C77D22F67FBD009AF83F /* GiftMoneyUITests.swift */ = {isa = PBXFileReference; lastKnownFileType = sourcecode.swift; path = GiftMoneyUITests.swift; sourceTree = "<group>"; };
		3649C77F22F67FBD009AF83F /* Info.plist */ = {isa = PBXFileReference; lastKnownFileType = text.plist.xml; path = Info.plist; sourceTree = "<group>"; };
		3649C78F22F68644009AF83F /* InoutRecordsViewController.swift */ = {isa = PBXFileReference; lastKnownFileType = sourcecode.swift; path = InoutRecordsViewController.swift; sourceTree = "<group>"; };
		3649C79122F68679009AF83F /* MineViewController.swift */ = {isa = PBXFileReference; lastKnownFileType = sourcecode.swift; path = MineViewController.swift; sourceTree = "<group>"; };
		3649C79322F6869B009AF83F /* StatisticsViewController.swift */ = {isa = PBXFileReference; lastKnownFileType = sourcecode.swift; path = StatisticsViewController.swift; sourceTree = "<group>"; };
		369DFE1022F68F270005B67D /* UIColor+appTheme.swift */ = {isa = PBXFileReference; lastKnownFileType = sourcecode.swift; path = "UIColor+appTheme.swift"; sourceTree = "<group>"; };
		369DFE1E22F6BD8A0005B67D /* AddTradeViewController.swift */ = {isa = PBXFileReference; lastKnownFileType = sourcecode.swift; path = AddTradeViewController.swift; sourceTree = "<group>"; };
		369DFE2122F6BDD30005B67D /* InputField.swift */ = {isa = PBXFileReference; lastKnownFileType = sourcecode.swift; path = InputField.swift; sourceTree = "<group>"; };
		369DFE3422F6CD930005B67D /* BaseViewController.swift */ = {isa = PBXFileReference; fileEncoding = 4; lastKnownFileType = sourcecode.swift; path = BaseViewController.swift; sourceTree = "<group>"; };
		369DFE3522F6CD930005B67D /* BaseNavigationController.swift */ = {isa = PBXFileReference; fileEncoding = 4; lastKnownFileType = sourcecode.swift; path = BaseNavigationController.swift; sourceTree = "<group>"; };
		369DFE3622F6CD930005B67D /* MainTabViewController.swift */ = {isa = PBXFileReference; fileEncoding = 4; lastKnownFileType = sourcecode.swift; path = MainTabViewController.swift; sourceTree = "<group>"; };
		369DFE3F22F708600005B67D /* Common.xcodeproj */ = {isa = PBXFileReference; lastKnownFileType = "wrapper.pb-project"; path = Common.xcodeproj; sourceTree = "<group>"; };
		38EF4A7222F7C9C5007BB28A /* Trade.swift */ = {isa = PBXFileReference; lastKnownFileType = sourcecode.swift; path = Trade.swift; sourceTree = "<group>"; };
		38EF4A7822F7D2D6007BB28A /* RealmManager.swift */ = {isa = PBXFileReference; fileEncoding = 4; lastKnownFileType = sourcecode.swift; path = RealmManager.swift; sourceTree = "<group>"; };
		38EF4A7922F7D2D6007BB28A /* PrimaryKeyTable.swift */ = {isa = PBXFileReference; fileEncoding = 4; lastKnownFileType = sourcecode.swift; path = PrimaryKeyTable.swift; sourceTree = "<group>"; };
		38EF4A7C22F82CFB007BB28A /* SwitchInput.swift */ = {isa = PBXFileReference; lastKnownFileType = sourcecode.swift; path = SwitchInput.swift; sourceTree = "<group>"; };
		77429951A2D4E665BC0D3F1C /* Pods-GiftMoneyTests.debug.xcconfig */ = {isa = PBXFileReference; includeInIndex = 1; lastKnownFileType = text.xcconfig; name = "Pods-GiftMoneyTests.debug.xcconfig"; path = "Target Support Files/Pods-GiftMoneyTests/Pods-GiftMoneyTests.debug.xcconfig"; sourceTree = "<group>"; };
		7B0213D6FF91967F5765DFA8 /* Pods-GiftMoneyUITests.release.xcconfig */ = {isa = PBXFileReference; includeInIndex = 1; lastKnownFileType = text.xcconfig; name = "Pods-GiftMoneyUITests.release.xcconfig"; path = "Target Support Files/Pods-GiftMoneyUITests/Pods-GiftMoneyUITests.release.xcconfig"; sourceTree = "<group>"; };
		7CFC11492E154530B342BA1B /* Pods_GiftMoney.framework */ = {isa = PBXFileReference; explicitFileType = wrapper.framework; includeInIndex = 0; path = Pods_GiftMoney.framework; sourceTree = BUILT_PRODUCTS_DIR; };
		9D936886169576D32657005B /* Pods-GiftMoneyUITests.debug.xcconfig */ = {isa = PBXFileReference; includeInIndex = 1; lastKnownFileType = text.xcconfig; name = "Pods-GiftMoneyUITests.debug.xcconfig"; path = "Target Support Files/Pods-GiftMoneyUITests/Pods-GiftMoneyUITests.debug.xcconfig"; sourceTree = "<group>"; };
		B12DA1992B17A1CABDA11D8E /* Pods-GiftMoney.debug.xcconfig */ = {isa = PBXFileReference; includeInIndex = 1; lastKnownFileType = text.xcconfig; name = "Pods-GiftMoney.debug.xcconfig"; path = "Target Support Files/Pods-GiftMoney/Pods-GiftMoney.debug.xcconfig"; sourceTree = "<group>"; };
		C775E89F86737A9B2F74FE5B /* Pods-GiftMoneyTests.release.xcconfig */ = {isa = PBXFileReference; includeInIndex = 1; lastKnownFileType = text.xcconfig; name = "Pods-GiftMoneyTests.release.xcconfig"; path = "Target Support Files/Pods-GiftMoneyTests/Pods-GiftMoneyTests.release.xcconfig"; sourceTree = "<group>"; };
		F2A6EF788216A996B40FFA38 /* Pods_GiftMoneyUITests.framework */ = {isa = PBXFileReference; explicitFileType = wrapper.framework; includeInIndex = 0; path = Pods_GiftMoneyUITests.framework; sourceTree = BUILT_PRODUCTS_DIR; };
		FE4753A816F5D3C0997C58EC /* Pods-GiftMoney.release.xcconfig */ = {isa = PBXFileReference; includeInIndex = 1; lastKnownFileType = text.xcconfig; name = "Pods-GiftMoney.release.xcconfig"; path = "Target Support Files/Pods-GiftMoney/Pods-GiftMoney.release.xcconfig"; sourceTree = "<group>"; };
/* End PBXFileReference section */

/* Begin PBXFrameworksBuildPhase section */
		3649C75222F67FB9009AF83F /* Frameworks */ = {
			isa = PBXFrameworksBuildPhase;
			buildActionMask = 2147483647;
			files = (
				CA2D5E3412DF8FDF1099AEF6 /* Pods_GiftMoney.framework in Frameworks */,
				369DFF2522F7094F0005B67D /* Common.framework in Frameworks */,
			);
			runOnlyForDeploymentPostprocessing = 0;
		};
		3649C76B22F67FBD009AF83F /* Frameworks */ = {
			isa = PBXFrameworksBuildPhase;
			buildActionMask = 2147483647;
			files = (
				9131A2B286AAF38AC6E07A30 /* Pods_GiftMoneyTests.framework in Frameworks */,
			);
			runOnlyForDeploymentPostprocessing = 0;
		};
		3649C77622F67FBD009AF83F /* Frameworks */ = {
			isa = PBXFrameworksBuildPhase;
			buildActionMask = 2147483647;
			files = (
				BEF4A2403A9B9C0A38D74C5F /* Pods_GiftMoneyUITests.framework in Frameworks */,
			);
			runOnlyForDeploymentPostprocessing = 0;
		};
/* End PBXFrameworksBuildPhase section */

/* Begin PBXGroup section */
		36135D2122F7289800D17330 /* Utils */ = {
			isa = PBXGroup;
			children = (
				36135D2222F7289800D17330 /* ScreenHelp.swift */,
			);
			path = Utils;
			sourceTree = "<group>";
		};
		36135D5122F9B00D00D17330 /* forms */ = {
			isa = PBXGroup;
			children = (
				36135D5322F9B02100D17330 /* Form.swift */,
			);
			path = forms;
			sourceTree = "<group>";
		};
		3649C74C22F67FB9009AF83F = {
			isa = PBXGroup;
			children = (
				369DFE3D22F708600005B67D /* Depends */,
				3649C75722F67FB9009AF83F /* GiftMoney */,
				3649C77122F67FBD009AF83F /* GiftMoneyTests */,
				3649C77C22F67FBD009AF83F /* GiftMoneyUITests */,
				3649C75622F67FB9009AF83F /* Products */,
				71B545BC70EC9E6699DCFCAF /* Pods */,
				E63782FD40E14AE5A4748D9A /* Frameworks */,
			);
			sourceTree = "<group>";
		};
		3649C75622F67FB9009AF83F /* Products */ = {
			isa = PBXGroup;
			children = (
				3649C75522F67FB9009AF83F /* GiftMoney.app */,
				3649C76E22F67FBD009AF83F /* GiftMoneyTests.xctest */,
				3649C77922F67FBD009AF83F /* GiftMoneyUITests.xctest */,
			);
			name = Products;
			sourceTree = "<group>";
		};
		3649C75722F67FB9009AF83F /* GiftMoney */ = {
			isa = PBXGroup;
			children = (
				38EF4A7722F7D2D6007BB28A /* Realm */,
				38EF4A7022F7C9A6007BB28A /* Models */,
				36135D2122F7289800D17330 /* Utils */,
				369DFE0F22F68EE90005B67D /* Theme */,
				3649C78B22F68531009AF83F /* Views */,
				3649C75822F67FB9009AF83F /* AppDelegate.swift */,
				3649C75A22F67FB9009AF83F /* SceneDelegate.swift */,
				3649C75C22F67FB9009AF83F /* ViewController.swift */,
				3649C76422F67FBD009AF83F /* Assets.xcassets */,
				3649C76622F67FBD009AF83F /* LaunchScreen.storyboard */,
				3649C76922F67FBD009AF83F /* Info.plist */,
			);
			path = GiftMoney;
			sourceTree = "<group>";
		};
		3649C77122F67FBD009AF83F /* GiftMoneyTests */ = {
			isa = PBXGroup;
			children = (
				3649C77222F67FBD009AF83F /* GiftMoneyTests.swift */,
				3649C77422F67FBD009AF83F /* Info.plist */,
			);
			path = GiftMoneyTests;
			sourceTree = "<group>";
		};
		3649C77C22F67FBD009AF83F /* GiftMoneyUITests */ = {
			isa = PBXGroup;
			children = (
				3649C77D22F67FBD009AF83F /* GiftMoneyUITests.swift */,
				3649C77F22F67FBD009AF83F /* Info.plist */,
			);
			path = GiftMoneyUITests;
			sourceTree = "<group>";
		};
		3649C78B22F68531009AF83F /* Views */ = {
			isa = PBXGroup;
			children = (
				36135D5122F9B00D00D17330 /* forms */,
				369DFE3322F6CD930005B67D /* base */,
				369DFE2022F6BD9D0005B67D /* components */,
				3649C78E22F685D6009AF83F /* records */,
				3649C78F22F68644009AF83F /* InoutRecordsViewController.swift */,
				3649C79122F68679009AF83F /* MineViewController.swift */,
				3649C79322F6869B009AF83F /* StatisticsViewController.swift */,
				369DFE1E22F6BD8A0005B67D /* AddTradeViewController.swift */,
			);
			path = Views;
			sourceTree = "<group>";
		};
		3649C78E22F685D6009AF83F /* records */ = {
			isa = PBXGroup;
			children = (
			);
			path = records;
			sourceTree = "<group>";
		};
		369DFE0F22F68EE90005B67D /* Theme */ = {
			isa = PBXGroup;
			children = (
				369DFE1022F68F270005B67D /* UIColor+appTheme.swift */,
				36135D2622F728AC00D17330 /* UIFont+appTheme.swift */,
			);
			path = Theme;
			sourceTree = "<group>";
		};
		369DFE2022F6BD9D0005B67D /* components */ = {
			isa = PBXGroup;
			children = (
				369DFE2122F6BDD30005B67D /* InputField.swift */,
				38EF4A7C22F82CFB007BB28A /* SwitchInput.swift */,
				36135D4B22F871B200D17330 /* TradeItemRow.swift */,
			);
			path = components;
			sourceTree = "<group>";
		};
		369DFE3322F6CD930005B67D /* base */ = {
			isa = PBXGroup;
			children = (
				369DFE3422F6CD930005B67D /* BaseViewController.swift */,
				369DFE3522F6CD930005B67D /* BaseNavigationController.swift */,
				369DFE3622F6CD930005B67D /* MainTabViewController.swift */,
			);
			path = base;
			sourceTree = "<group>";
		};
		369DFE3D22F708600005B67D /* Depends */ = {
			isa = PBXGroup;
			children = (
				369DFE3E22F708600005B67D /* Common */,
			);
			path = Depends;
			sourceTree = "<group>";
		};
		369DFE3E22F708600005B67D /* Common */ = {
			isa = PBXGroup;
			children = (
				369DFE3F22F708600005B67D /* Common.xcodeproj */,
			);
			path = Common;
			sourceTree = "<group>";
		};
		369DFE4022F708600005B67D /* Products */ = {
			isa = PBXGroup;
			children = (
				369DFEBA22F708600005B67D /* Common.framework */,
				369DFEBC22F708600005B67D /* CommonTests.xctest */,
			);
			name = Products;
			sourceTree = "<group>";
		};
		38EF4A7022F7C9A6007BB28A /* Models */ = {
			isa = PBXGroup;
			children = (
				38EF4A7222F7C9C5007BB28A /* Trade.swift */,
			);
			path = Models;
			sourceTree = "<group>";
		};
		38EF4A7722F7D2D6007BB28A /* Realm */ = {
			isa = PBXGroup;
			children = (
				38EF4A7822F7D2D6007BB28A /* RealmManager.swift */,
				38EF4A7922F7D2D6007BB28A /* PrimaryKeyTable.swift */,
			);
			path = Realm;
			sourceTree = "<group>";
		};
		71B545BC70EC9E6699DCFCAF /* Pods */ = {
			isa = PBXGroup;
			children = (
				B12DA1992B17A1CABDA11D8E /* Pods-GiftMoney.debug.xcconfig */,
				FE4753A816F5D3C0997C58EC /* Pods-GiftMoney.release.xcconfig */,
				77429951A2D4E665BC0D3F1C /* Pods-GiftMoneyTests.debug.xcconfig */,
				C775E89F86737A9B2F74FE5B /* Pods-GiftMoneyTests.release.xcconfig */,
				9D936886169576D32657005B /* Pods-GiftMoneyUITests.debug.xcconfig */,
				7B0213D6FF91967F5765DFA8 /* Pods-GiftMoneyUITests.release.xcconfig */,
			);
			path = Pods;
			sourceTree = "<group>";
		};
		E63782FD40E14AE5A4748D9A /* Frameworks */ = {
			isa = PBXGroup;
			children = (
				7CFC11492E154530B342BA1B /* Pods_GiftMoney.framework */,
				0CD9619697E07FCCA3869C7E /* Pods_GiftMoneyTests.framework */,
				F2A6EF788216A996B40FFA38 /* Pods_GiftMoneyUITests.framework */,
			);
			name = Frameworks;
			sourceTree = "<group>";
		};
/* End PBXGroup section */

/* Begin PBXNativeTarget section */
		3649C75422F67FB9009AF83F /* GiftMoney */ = {
			isa = PBXNativeTarget;
			buildConfigurationList = 3649C78222F67FBD009AF83F /* Build configuration list for PBXNativeTarget "GiftMoney" */;
			buildPhases = (
				27983EF67EFC558EE43E8D40 /* [CP] Check Pods Manifest.lock */,
				3649C75122F67FB9009AF83F /* Sources */,
				3649C75222F67FB9009AF83F /* Frameworks */,
				3649C75322F67FB9009AF83F /* Resources */,
				369DFF2222F708D70005B67D /* [CP] Copy Carthage Frameworks */,
				369DFF2722F7094F0005B67D /* Embed Frameworks */,
			);
			buildRules = (
			);
			dependencies = (
				369DFF2422F7093E0005B67D /* PBXTargetDependency */,
			);
			name = GiftMoney;
			productName = GiftMoney;
			productReference = 3649C75522F67FB9009AF83F /* GiftMoney.app */;
			productType = "com.apple.product-type.application";
		};
		3649C76D22F67FBD009AF83F /* GiftMoneyTests */ = {
			isa = PBXNativeTarget;
			buildConfigurationList = 3649C78522F67FBD009AF83F /* Build configuration list for PBXNativeTarget "GiftMoneyTests" */;
			buildPhases = (
				7C75B91B77296367744C9D9C /* [CP] Check Pods Manifest.lock */,
				3649C76A22F67FBD009AF83F /* Sources */,
				3649C76B22F67FBD009AF83F /* Frameworks */,
				3649C76C22F67FBD009AF83F /* Resources */,
			);
			buildRules = (
			);
			dependencies = (
				3649C77022F67FBD009AF83F /* PBXTargetDependency */,
			);
			name = GiftMoneyTests;
			productName = GiftMoneyTests;
			productReference = 3649C76E22F67FBD009AF83F /* GiftMoneyTests.xctest */;
			productType = "com.apple.product-type.bundle.unit-test";
		};
		3649C77822F67FBD009AF83F /* GiftMoneyUITests */ = {
			isa = PBXNativeTarget;
			buildConfigurationList = 3649C78822F67FBD009AF83F /* Build configuration list for PBXNativeTarget "GiftMoneyUITests" */;
			buildPhases = (
				DA4CD69CDB915EF5AC479120 /* [CP] Check Pods Manifest.lock */,
				3649C77522F67FBD009AF83F /* Sources */,
				3649C77622F67FBD009AF83F /* Frameworks */,
				3649C77722F67FBD009AF83F /* Resources */,
			);
			buildRules = (
			);
			dependencies = (
				3649C77B22F67FBD009AF83F /* PBXTargetDependency */,
			);
			name = GiftMoneyUITests;
			productName = GiftMoneyUITests;
			productReference = 3649C77922F67FBD009AF83F /* GiftMoneyUITests.xctest */;
			productType = "com.apple.product-type.bundle.ui-testing";
		};
/* End PBXNativeTarget section */

/* Begin PBXProject section */
		3649C74D22F67FB9009AF83F /* Project object */ = {
			isa = PBXProject;
			attributes = {
				LastSwiftUpdateCheck = 1100;
				LastUpgradeCheck = 1100;
				ORGANIZATIONNAME = binea;
				TargetAttributes = {
					3649C75422F67FB9009AF83F = {
						CreatedOnToolsVersion = 11.0;
					};
					3649C76D22F67FBD009AF83F = {
						CreatedOnToolsVersion = 11.0;
						TestTargetID = 3649C75422F67FB9009AF83F;
					};
					3649C77822F67FBD009AF83F = {
						CreatedOnToolsVersion = 11.0;
						TestTargetID = 3649C75422F67FB9009AF83F;
					};
				};
			};
			buildConfigurationList = 3649C75022F67FB9009AF83F /* Build configuration list for PBXProject "GiftMoney" */;
			compatibilityVersion = "Xcode 9.3";
			developmentRegion = en;
			hasScannedForEncodings = 0;
			knownRegions = (
				en,
				Base,
			);
			mainGroup = 3649C74C22F67FB9009AF83F;
			productRefGroup = 3649C75622F67FB9009AF83F /* Products */;
			projectDirPath = "";
			projectReferences = (
				{
					ProductGroup = 369DFE4022F708600005B67D /* Products */;
					ProjectRef = 369DFE3F22F708600005B67D /* Common.xcodeproj */;
				},
			);
			projectRoot = "";
			targets = (
				3649C75422F67FB9009AF83F /* GiftMoney */,
				3649C76D22F67FBD009AF83F /* GiftMoneyTests */,
				3649C77822F67FBD009AF83F /* GiftMoneyUITests */,
			);
		};
/* End PBXProject section */

/* Begin PBXReferenceProxy section */
		369DFEBA22F708600005B67D /* Common.framework */ = {
			isa = PBXReferenceProxy;
			fileType = wrapper.framework;
			path = Common.framework;
			remoteRef = 369DFEB922F708600005B67D /* PBXContainerItemProxy */;
			sourceTree = BUILT_PRODUCTS_DIR;
		};
		369DFEBC22F708600005B67D /* CommonTests.xctest */ = {
			isa = PBXReferenceProxy;
			fileType = wrapper.cfbundle;
			path = CommonTests.xctest;
			remoteRef = 369DFEBB22F708600005B67D /* PBXContainerItemProxy */;
			sourceTree = BUILT_PRODUCTS_DIR;
		};
/* End PBXReferenceProxy section */

/* Begin PBXResourcesBuildPhase section */
		3649C75322F67FB9009AF83F /* Resources */ = {
			isa = PBXResourcesBuildPhase;
			buildActionMask = 2147483647;
			files = (
				3649C76822F67FBD009AF83F /* LaunchScreen.storyboard in Resources */,
				3649C76522F67FBD009AF83F /* Assets.xcassets in Resources */,
			);
			runOnlyForDeploymentPostprocessing = 0;
		};
		3649C76C22F67FBD009AF83F /* Resources */ = {
			isa = PBXResourcesBuildPhase;
			buildActionMask = 2147483647;
			files = (
			);
			runOnlyForDeploymentPostprocessing = 0;
		};
		3649C77722F67FBD009AF83F /* Resources */ = {
			isa = PBXResourcesBuildPhase;
			buildActionMask = 2147483647;
			files = (
			);
			runOnlyForDeploymentPostprocessing = 0;
		};
/* End PBXResourcesBuildPhase section */

/* Begin PBXShellScriptBuildPhase section */
		27983EF67EFC558EE43E8D40 /* [CP] Check Pods Manifest.lock */ = {
			isa = PBXShellScriptBuildPhase;
			buildActionMask = 2147483647;
			files = (
			);
			inputFileListPaths = (
			);
			inputPaths = (
				"${PODS_PODFILE_DIR_PATH}/Podfile.lock",
				"${PODS_ROOT}/Manifest.lock",
			);
			name = "[CP] Check Pods Manifest.lock";
			outputFileListPaths = (
			);
			outputPaths = (
				"$(DERIVED_FILE_DIR)/Pods-GiftMoney-checkManifestLockResult.txt",
			);
			runOnlyForDeploymentPostprocessing = 0;
			shellPath = /bin/sh;
			shellScript = "diff \"${PODS_PODFILE_DIR_PATH}/Podfile.lock\" \"${PODS_ROOT}/Manifest.lock\" > /dev/null\nif [ $? != 0 ] ; then\n    # print error to STDERR\n    echo \"error: The sandbox is not in sync with the Podfile.lock. Run 'pod install' or update your CocoaPods installation.\" >&2\n    exit 1\nfi\n# This output is used by Xcode 'outputs' to avoid re-running this script phase.\necho \"SUCCESS\" > \"${SCRIPT_OUTPUT_FILE_0}\"\n";
			showEnvVarsInLog = 0;
		};
		369DFF2222F708D70005B67D /* [CP] Copy Carthage Frameworks */ = {
			isa = PBXShellScriptBuildPhase;
			buildActionMask = 2147483647;
			files = (
			);
			inputFileListPaths = (
			);
			inputPaths = (
				"$(SRCROOT)/Carthage/Build/iOS/MBProgressHUD.framework",
				"$(SRCROOT)/Carthage/Build/iOS/SnapKit.framework",
				"$(SRCROOT)/Carthage/Build/iOS/Realm.framework",
				"$(SRCROOT)/Carthage/Build/iOS/RealmSwift.framework",
				"$(SRCROOT)/Carthage/Build/iOS/SwiftyBeaver.framework",
				"$(SRCROOT)/Carthage/Build/iOS/RxBlocking.framework",
				"$(SRCROOT)/Carthage/Build/iOS/RxCocoa.framework",
				"$(SRCROOT)/Carthage/Build/iOS/RxRelay.framework",
				"$(SRCROOT)/Carthage/Build/iOS/RxSwift.framework",
				"$(SRCROOT)/Carthage/Build/iOS/ObjectMapper.framework",
			);
			name = "[CP] Copy Carthage Frameworks";
			outputFileListPaths = (
			);
			outputPaths = (
			);
			runOnlyForDeploymentPostprocessing = 0;
			shellPath = /bin/sh;
			shellScript = "/usr/local/bin/carthage copy-frameworks\n";
		};
		7C75B91B77296367744C9D9C /* [CP] Check Pods Manifest.lock */ = {
			isa = PBXShellScriptBuildPhase;
			buildActionMask = 2147483647;
			files = (
			);
			inputFileListPaths = (
			);
			inputPaths = (
				"${PODS_PODFILE_DIR_PATH}/Podfile.lock",
				"${PODS_ROOT}/Manifest.lock",
			);
			name = "[CP] Check Pods Manifest.lock";
			outputFileListPaths = (
			);
			outputPaths = (
				"$(DERIVED_FILE_DIR)/Pods-GiftMoneyTests-checkManifestLockResult.txt",
			);
			runOnlyForDeploymentPostprocessing = 0;
			shellPath = /bin/sh;
			shellScript = "diff \"${PODS_PODFILE_DIR_PATH}/Podfile.lock\" \"${PODS_ROOT}/Manifest.lock\" > /dev/null\nif [ $? != 0 ] ; then\n    # print error to STDERR\n    echo \"error: The sandbox is not in sync with the Podfile.lock. Run 'pod install' or update your CocoaPods installation.\" >&2\n    exit 1\nfi\n# This output is used by Xcode 'outputs' to avoid re-running this script phase.\necho \"SUCCESS\" > \"${SCRIPT_OUTPUT_FILE_0}\"\n";
			showEnvVarsInLog = 0;
		};
		DA4CD69CDB915EF5AC479120 /* [CP] Check Pods Manifest.lock */ = {
			isa = PBXShellScriptBuildPhase;
			buildActionMask = 2147483647;
			files = (
			);
			inputFileListPaths = (
			);
			inputPaths = (
				"${PODS_PODFILE_DIR_PATH}/Podfile.lock",
				"${PODS_ROOT}/Manifest.lock",
			);
			name = "[CP] Check Pods Manifest.lock";
			outputFileListPaths = (
			);
			outputPaths = (
				"$(DERIVED_FILE_DIR)/Pods-GiftMoneyUITests-checkManifestLockResult.txt",
			);
			runOnlyForDeploymentPostprocessing = 0;
			shellPath = /bin/sh;
			shellScript = "diff \"${PODS_PODFILE_DIR_PATH}/Podfile.lock\" \"${PODS_ROOT}/Manifest.lock\" > /dev/null\nif [ $? != 0 ] ; then\n    # print error to STDERR\n    echo \"error: The sandbox is not in sync with the Podfile.lock. Run 'pod install' or update your CocoaPods installation.\" >&2\n    exit 1\nfi\n# This output is used by Xcode 'outputs' to avoid re-running this script phase.\necho \"SUCCESS\" > \"${SCRIPT_OUTPUT_FILE_0}\"\n";
			showEnvVarsInLog = 0;
		};
/* End PBXShellScriptBuildPhase section */

/* Begin PBXSourcesBuildPhase section */
		3649C75122F67FB9009AF83F /* Sources */ = {
			isa = PBXSourcesBuildPhase;
			buildActionMask = 2147483647;
			files = (
				369DFE1122F68F270005B67D /* UIColor+appTheme.swift in Sources */,
				3649C75D22F67FB9009AF83F /* ViewController.swift in Sources */,
				38EF4A7B22F7D2D6007BB28A /* PrimaryKeyTable.swift in Sources */,
				369DFE1F22F6BD8A0005B67D /* AddTradeViewController.swift in Sources */,
				3649C79022F68644009AF83F /* InoutRecordsViewController.swift in Sources */,
				3649C79422F6869B009AF83F /* StatisticsViewController.swift in Sources */,
				38EF4A7322F7C9C5007BB28A /* Trade.swift in Sources */,
				38EF4A7D22F82CFB007BB28A /* SwitchInput.swift in Sources */,
				369DFE3922F6CD930005B67D /* MainTabViewController.swift in Sources */,
				369DFE3722F6CD930005B67D /* BaseViewController.swift in Sources */,
				36135D4C22F871B200D17330 /* TradeItemRow.swift in Sources */,
				369DFE2222F6BDD30005B67D /* InputField.swift in Sources */,
				38EF4A7A22F7D2D6007BB28A /* RealmManager.swift in Sources */,
				369DFE3822F6CD930005B67D /* BaseNavigationController.swift in Sources */,
				3649C79222F68679009AF83F /* MineViewController.swift in Sources */,
				3649C75922F67FB9009AF83F /* AppDelegate.swift in Sources */,
				3649C75B22F67FB9009AF83F /* SceneDelegate.swift in Sources */,
				36135D5422F9B02100D17330 /* Form.swift in Sources */,
				36135D2722F728AC00D17330 /* UIFont+appTheme.swift in Sources */,
				36135D2422F7289800D17330 /* ScreenHelp.swift in Sources */,
			);
			runOnlyForDeploymentPostprocessing = 0;
		};
		3649C76A22F67FBD009AF83F /* Sources */ = {
			isa = PBXSourcesBuildPhase;
			buildActionMask = 2147483647;
			files = (
				3649C77322F67FBD009AF83F /* GiftMoneyTests.swift in Sources */,
			);
			runOnlyForDeploymentPostprocessing = 0;
		};
		3649C77522F67FBD009AF83F /* Sources */ = {
			isa = PBXSourcesBuildPhase;
			buildActionMask = 2147483647;
			files = (
				3649C77E22F67FBD009AF83F /* GiftMoneyUITests.swift in Sources */,
			);
			runOnlyForDeploymentPostprocessing = 0;
		};
/* End PBXSourcesBuildPhase section */

/* Begin PBXTargetDependency section */
		3649C77022F67FBD009AF83F /* PBXTargetDependency */ = {
			isa = PBXTargetDependency;
			target = 3649C75422F67FB9009AF83F /* GiftMoney */;
			targetProxy = 3649C76F22F67FBD009AF83F /* PBXContainerItemProxy */;
		};
		3649C77B22F67FBD009AF83F /* PBXTargetDependency */ = {
			isa = PBXTargetDependency;
			target = 3649C75422F67FB9009AF83F /* GiftMoney */;
			targetProxy = 3649C77A22F67FBD009AF83F /* PBXContainerItemProxy */;
		};
		369DFF2422F7093E0005B67D /* PBXTargetDependency */ = {
			isa = PBXTargetDependency;
			name = Common;
			targetProxy = 369DFF2322F7093E0005B67D /* PBXContainerItemProxy */;
		};
/* End PBXTargetDependency section */

/* Begin PBXVariantGroup section */
		3649C76622F67FBD009AF83F /* LaunchScreen.storyboard */ = {
			isa = PBXVariantGroup;
			children = (
				3649C76722F67FBD009AF83F /* Base */,
			);
			name = LaunchScreen.storyboard;
			sourceTree = "<group>";
		};
/* End PBXVariantGroup section */

/* Begin XCBuildConfiguration section */
		3649C78022F67FBD009AF83F /* Debug */ = {
			isa = XCBuildConfiguration;
			buildSettings = {
				ALWAYS_SEARCH_USER_PATHS = NO;
				CLANG_ANALYZER_NONNULL = YES;
				CLANG_ANALYZER_NUMBER_OBJECT_CONVERSION = YES_AGGRESSIVE;
				CLANG_CXX_LANGUAGE_STANDARD = "gnu++14";
				CLANG_CXX_LIBRARY = "libc++";
				CLANG_ENABLE_MODULES = YES;
				CLANG_ENABLE_OBJC_ARC = YES;
				CLANG_ENABLE_OBJC_WEAK = YES;
				CLANG_WARN_BLOCK_CAPTURE_AUTORELEASING = YES;
				CLANG_WARN_BOOL_CONVERSION = YES;
				CLANG_WARN_COMMA = YES;
				CLANG_WARN_CONSTANT_CONVERSION = YES;
				CLANG_WARN_DEPRECATED_OBJC_IMPLEMENTATIONS = YES;
				CLANG_WARN_DIRECT_OBJC_ISA_USAGE = YES_ERROR;
				CLANG_WARN_DOCUMENTATION_COMMENTS = YES;
				CLANG_WARN_EMPTY_BODY = YES;
				CLANG_WARN_ENUM_CONVERSION = YES;
				CLANG_WARN_INFINITE_RECURSION = YES;
				CLANG_WARN_INT_CONVERSION = YES;
				CLANG_WARN_NON_LITERAL_NULL_CONVERSION = YES;
				CLANG_WARN_OBJC_IMPLICIT_RETAIN_SELF = YES;
				CLANG_WARN_OBJC_LITERAL_CONVERSION = YES;
				CLANG_WARN_OBJC_ROOT_CLASS = YES_ERROR;
				CLANG_WARN_RANGE_LOOP_ANALYSIS = YES;
				CLANG_WARN_STRICT_PROTOTYPES = YES;
				CLANG_WARN_SUSPICIOUS_MOVE = YES;
				CLANG_WARN_UNGUARDED_AVAILABILITY = YES_AGGRESSIVE;
				CLANG_WARN_UNREACHABLE_CODE = YES;
				CLANG_WARN__DUPLICATE_METHOD_MATCH = YES;
				COPY_PHASE_STRIP = NO;
				DEBUG_INFORMATION_FORMAT = dwarf;
				ENABLE_STRICT_OBJC_MSGSEND = YES;
				ENABLE_TESTABILITY = YES;
				FRAMEWORK_SEARCH_PATHS = "$(SRCROOT)/Carthage/Build/iOS";
				GCC_C_LANGUAGE_STANDARD = gnu11;
				GCC_DYNAMIC_NO_PIC = NO;
				GCC_NO_COMMON_BLOCKS = YES;
				GCC_OPTIMIZATION_LEVEL = 0;
				GCC_PREPROCESSOR_DEFINITIONS = (
					"DEBUG=1",
					"$(inherited)",
				);
				GCC_WARN_64_TO_32_BIT_CONVERSION = YES;
				GCC_WARN_ABOUT_RETURN_TYPE = YES_ERROR;
				GCC_WARN_UNDECLARED_SELECTOR = YES;
				GCC_WARN_UNINITIALIZED_AUTOS = YES_AGGRESSIVE;
				GCC_WARN_UNUSED_FUNCTION = YES;
				GCC_WARN_UNUSED_VARIABLE = YES;
				IPHONEOS_DEPLOYMENT_TARGET = 13.0;
				MTL_ENABLE_DEBUG_INFO = INCLUDE_SOURCE;
				MTL_FAST_MATH = YES;
				ONLY_ACTIVE_ARCH = YES;
				SDKROOT = iphoneos;
				SWIFT_ACTIVE_COMPILATION_CONDITIONS = DEBUG;
				SWIFT_OPTIMIZATION_LEVEL = "-Onone";
			};
			name = Debug;
		};
		3649C78122F67FBD009AF83F /* Release */ = {
			isa = XCBuildConfiguration;
			buildSettings = {
				ALWAYS_SEARCH_USER_PATHS = NO;
				CLANG_ANALYZER_NONNULL = YES;
				CLANG_ANALYZER_NUMBER_OBJECT_CONVERSION = YES_AGGRESSIVE;
				CLANG_CXX_LANGUAGE_STANDARD = "gnu++14";
				CLANG_CXX_LIBRARY = "libc++";
				CLANG_ENABLE_MODULES = YES;
				CLANG_ENABLE_OBJC_ARC = YES;
				CLANG_ENABLE_OBJC_WEAK = YES;
				CLANG_WARN_BLOCK_CAPTURE_AUTORELEASING = YES;
				CLANG_WARN_BOOL_CONVERSION = YES;
				CLANG_WARN_COMMA = YES;
				CLANG_WARN_CONSTANT_CONVERSION = YES;
				CLANG_WARN_DEPRECATED_OBJC_IMPLEMENTATIONS = YES;
				CLANG_WARN_DIRECT_OBJC_ISA_USAGE = YES_ERROR;
				CLANG_WARN_DOCUMENTATION_COMMENTS = YES;
				CLANG_WARN_EMPTY_BODY = YES;
				CLANG_WARN_ENUM_CONVERSION = YES;
				CLANG_WARN_INFINITE_RECURSION = YES;
				CLANG_WARN_INT_CONVERSION = YES;
				CLANG_WARN_NON_LITERAL_NULL_CONVERSION = YES;
				CLANG_WARN_OBJC_IMPLICIT_RETAIN_SELF = YES;
				CLANG_WARN_OBJC_LITERAL_CONVERSION = YES;
				CLANG_WARN_OBJC_ROOT_CLASS = YES_ERROR;
				CLANG_WARN_RANGE_LOOP_ANALYSIS = YES;
				CLANG_WARN_STRICT_PROTOTYPES = YES;
				CLANG_WARN_SUSPICIOUS_MOVE = YES;
				CLANG_WARN_UNGUARDED_AVAILABILITY = YES_AGGRESSIVE;
				CLANG_WARN_UNREACHABLE_CODE = YES;
				CLANG_WARN__DUPLICATE_METHOD_MATCH = YES;
				COPY_PHASE_STRIP = NO;
				DEBUG_INFORMATION_FORMAT = "dwarf-with-dsym";
				ENABLE_NS_ASSERTIONS = NO;
				ENABLE_STRICT_OBJC_MSGSEND = YES;
				FRAMEWORK_SEARCH_PATHS = "$(SRCROOT)/Carthage/Build/iOS";
				GCC_C_LANGUAGE_STANDARD = gnu11;
				GCC_NO_COMMON_BLOCKS = YES;
				GCC_WARN_64_TO_32_BIT_CONVERSION = YES;
				GCC_WARN_ABOUT_RETURN_TYPE = YES_ERROR;
				GCC_WARN_UNDECLARED_SELECTOR = YES;
				GCC_WARN_UNINITIALIZED_AUTOS = YES_AGGRESSIVE;
				GCC_WARN_UNUSED_FUNCTION = YES;
				GCC_WARN_UNUSED_VARIABLE = YES;
				IPHONEOS_DEPLOYMENT_TARGET = 13.0;
				MTL_ENABLE_DEBUG_INFO = NO;
				MTL_FAST_MATH = YES;
				SDKROOT = iphoneos;
				SWIFT_COMPILATION_MODE = wholemodule;
				SWIFT_OPTIMIZATION_LEVEL = "-O";
				VALIDATE_PRODUCT = YES;
			};
			name = Release;
		};
		3649C78322F67FBD009AF83F /* Debug */ = {
			isa = XCBuildConfiguration;
			baseConfigurationReference = B12DA1992B17A1CABDA11D8E /* Pods-GiftMoney.debug.xcconfig */;
			buildSettings = {
				ASSETCATALOG_COMPILER_APPICON_NAME = AppIcon;
				CODE_SIGN_STYLE = Automatic;
				DEVELOPMENT_TEAM = EG49RAY3R6;
				INFOPLIST_FILE = GiftMoney/Info.plist;
				IPHONEOS_DEPLOYMENT_TARGET = 12.0;
				LD_RUNPATH_SEARCH_PATHS = (
					"$(inherited)",
					"@executable_path/Frameworks",
				);
				PRODUCT_BUNDLE_IDENTIFIER = com.andybin.GiftMoney;
				PRODUCT_NAME = "$(TARGET_NAME)";
				SWIFT_VERSION = 5.0;
				TARGETED_DEVICE_FAMILY = "1,2";
			};
			name = Debug;
		};
		3649C78422F67FBD009AF83F /* Release */ = {
			isa = XCBuildConfiguration;
			baseConfigurationReference = FE4753A816F5D3C0997C58EC /* Pods-GiftMoney.release.xcconfig */;
			buildSettings = {
				ASSETCATALOG_COMPILER_APPICON_NAME = AppIcon;
				CODE_SIGN_STYLE = Automatic;
				DEVELOPMENT_TEAM = EG49RAY3R6;
				INFOPLIST_FILE = GiftMoney/Info.plist;
				IPHONEOS_DEPLOYMENT_TARGET = 12.0;
				LD_RUNPATH_SEARCH_PATHS = (
					"$(inherited)",
					"@executable_path/Frameworks",
				);
				PRODUCT_BUNDLE_IDENTIFIER = com.andybin.GiftMoney;
				PRODUCT_NAME = "$(TARGET_NAME)";
				SWIFT_VERSION = 5.0;
				TARGETED_DEVICE_FAMILY = "1,2";
			};
			name = Release;
		};
		3649C78622F67FBD009AF83F /* Debug */ = {
			isa = XCBuildConfiguration;
			baseConfigurationReference = 77429951A2D4E665BC0D3F1C /* Pods-GiftMoneyTests.debug.xcconfig */;
			buildSettings = {
				ALWAYS_EMBED_SWIFT_STANDARD_LIBRARIES = YES;
				BUNDLE_LOADER = "$(TEST_HOST)";
				CODE_SIGN_STYLE = Automatic;
				DEVELOPMENT_TEAM = EG49RAY3R6;
				INFOPLIST_FILE = GiftMoneyTests/Info.plist;
				LD_RUNPATH_SEARCH_PATHS = (
					"$(inherited)",
					"@executable_path/Frameworks",
					"@loader_path/Frameworks",
				);
				PRODUCT_BUNDLE_IDENTIFIER = com.andybin.GiftMoneyTests;
				PRODUCT_NAME = "$(TARGET_NAME)";
				SWIFT_VERSION = 5.0;
				TARGETED_DEVICE_FAMILY = "1,2";
				TEST_HOST = "$(BUILT_PRODUCTS_DIR)/GiftMoney.app/GiftMoney";
			};
			name = Debug;
		};
		3649C78722F67FBD009AF83F /* Release */ = {
			isa = XCBuildConfiguration;
			baseConfigurationReference = C775E89F86737A9B2F74FE5B /* Pods-GiftMoneyTests.release.xcconfig */;
			buildSettings = {
				ALWAYS_EMBED_SWIFT_STANDARD_LIBRARIES = YES;
				BUNDLE_LOADER = "$(TEST_HOST)";
				CODE_SIGN_STYLE = Automatic;
				DEVELOPMENT_TEAM = EG49RAY3R6;
				INFOPLIST_FILE = GiftMoneyTests/Info.plist;
				LD_RUNPATH_SEARCH_PATHS = (
					"$(inherited)",
					"@executable_path/Frameworks",
					"@loader_path/Frameworks",
				);
				PRODUCT_BUNDLE_IDENTIFIER = com.andybin.GiftMoneyTests;
				PRODUCT_NAME = "$(TARGET_NAME)";
				SWIFT_VERSION = 5.0;
				TARGETED_DEVICE_FAMILY = "1,2";
				TEST_HOST = "$(BUILT_PRODUCTS_DIR)/GiftMoney.app/GiftMoney";
			};
			name = Release;
		};
		3649C78922F67FBD009AF83F /* Debug */ = {
			isa = XCBuildConfiguration;
			baseConfigurationReference = 9D936886169576D32657005B /* Pods-GiftMoneyUITests.debug.xcconfig */;
			buildSettings = {
				ALWAYS_EMBED_SWIFT_STANDARD_LIBRARIES = YES;
				CODE_SIGN_STYLE = Automatic;
				DEVELOPMENT_TEAM = EG49RAY3R6;
				INFOPLIST_FILE = GiftMoneyUITests/Info.plist;
				LD_RUNPATH_SEARCH_PATHS = (
					"$(inherited)",
					"@executable_path/Frameworks",
					"@loader_path/Frameworks",
				);
				PRODUCT_BUNDLE_IDENTIFIER = com.andybin.GiftMoneyUITests;
				PRODUCT_NAME = "$(TARGET_NAME)";
				SWIFT_VERSION = 5.0;
				TARGETED_DEVICE_FAMILY = "1,2";
				TEST_TARGET_NAME = GiftMoney;
			};
			name = Debug;
		};
		3649C78A22F67FBD009AF83F /* Release */ = {
			isa = XCBuildConfiguration;
			baseConfigurationReference = 7B0213D6FF91967F5765DFA8 /* Pods-GiftMoneyUITests.release.xcconfig */;
			buildSettings = {
				ALWAYS_EMBED_SWIFT_STANDARD_LIBRARIES = YES;
				CODE_SIGN_STYLE = Automatic;
				DEVELOPMENT_TEAM = EG49RAY3R6;
				INFOPLIST_FILE = GiftMoneyUITests/Info.plist;
				LD_RUNPATH_SEARCH_PATHS = (
					"$(inherited)",
					"@executable_path/Frameworks",
					"@loader_path/Frameworks",
				);
				PRODUCT_BUNDLE_IDENTIFIER = com.andybin.GiftMoneyUITests;
				PRODUCT_NAME = "$(TARGET_NAME)";
				SWIFT_VERSION = 5.0;
				TARGETED_DEVICE_FAMILY = "1,2";
				TEST_TARGET_NAME = GiftMoney;
			};
			name = Release;
		};
/* End XCBuildConfiguration section */

/* Begin XCConfigurationList section */
		3649C75022F67FB9009AF83F /* Build configuration list for PBXProject "GiftMoney" */ = {
			isa = XCConfigurationList;
			buildConfigurations = (
				3649C78022F67FBD009AF83F /* Debug */,
				3649C78122F67FBD009AF83F /* Release */,
			);
			defaultConfigurationIsVisible = 0;
			defaultConfigurationName = Release;
		};
		3649C78222F67FBD009AF83F /* Build configuration list for PBXNativeTarget "GiftMoney" */ = {
			isa = XCConfigurationList;
			buildConfigurations = (
				3649C78322F67FBD009AF83F /* Debug */,
				3649C78422F67FBD009AF83F /* Release */,
			);
			defaultConfigurationIsVisible = 0;
			defaultConfigurationName = Release;
		};
		3649C78522F67FBD009AF83F /* Build configuration list for PBXNativeTarget "GiftMoneyTests" */ = {
			isa = XCConfigurationList;
			buildConfigurations = (
				3649C78622F67FBD009AF83F /* Debug */,
				3649C78722F67FBD009AF83F /* Release */,
			);
			defaultConfigurationIsVisible = 0;
			defaultConfigurationName = Release;
		};
		3649C78822F67FBD009AF83F /* Build configuration list for PBXNativeTarget "GiftMoneyUITests" */ = {
			isa = XCConfigurationList;
			buildConfigurations = (
				3649C78922F67FBD009AF83F /* Debug */,
				3649C78A22F67FBD009AF83F /* Release */,
			);
			defaultConfigurationIsVisible = 0;
			defaultConfigurationName = Release;
		};
/* End XCConfigurationList section */
	};
	rootObject = 3649C74D22F67FB9009AF83F /* Project object */;
}
