// !$*UTF8*$!
{
	archiveVersion = 1;
	classes = {
	};
	objectVersion = 51;
	objects = {

/* Begin PBXBuildFile section */
		360E722B231ACE3B001842EE /* CloudKit.framework in Frameworks */ = {isa = PBXBuildFile; fileRef = 360E722A231ACE3B001842EE /* CloudKit.framework */; };
		36135D2422F7289800D17330 /* ScreenHelp.swift in Sources */ = {isa = PBXBuildFile; fileRef = 36135D2222F7289800D17330 /* ScreenHelp.swift */; };
		36135D2722F728AC00D17330 /* UIFont+appTheme.swift in Sources */ = {isa = PBXBuildFile; fileRef = 36135D2622F728AC00D17330 /* UIFont+appTheme.swift */; };
		36135D4C22F871B200D17330 /* TradeItemRow.swift in Sources */ = {isa = PBXBuildFile; fileRef = 36135D4B22F871B200D17330 /* TradeItemRow.swift */; };
		36135D5422F9B02100D17330 /* Form.swift in Sources */ = {isa = PBXBuildFile; fileRef = 36135D5322F9B02100D17330 /* Form.swift */; };
		36135D5722FB214700D17330 /* DateInputField.swift in Sources */ = {isa = PBXBuildFile; fileRef = 36135D5622FB214600D17330 /* DateInputField.swift */; };
		361DC9F1233114910025F3E1 /* UploadStateButton.swift in Sources */ = {isa = PBXBuildFile; fileRef = 361DC9F0233114910025F3E1 /* UploadStateButton.swift */; };
		361DC9F323312FAB0025F3E1 /* SpeechHelpVC.swift in Sources */ = {isa = PBXBuildFile; fileRef = 361DC9F223312FAB0025F3E1 /* SpeechHelpVC.swift */; };
		3620B8AF232B8CC000393329 /* RealtimeAnalyzer.swift in Sources */ = {isa = PBXBuildFile; fileRef = 3620B8AE232B8CC000393329 /* RealtimeAnalyzer.swift */; };
		36294C802300429000819539 /* EventEditeViewController.swift in Sources */ = {isa = PBXBuildFile; fileRef = 36294C7F2300429000819539 /* EventEditeViewController.swift */; };
		3649C75922F67FB9009AF83F /* AppDelegate.swift in Sources */ = {isa = PBXBuildFile; fileRef = 3649C75822F67FB9009AF83F /* AppDelegate.swift */; };
		3649C75B22F67FB9009AF83F /* SceneDelegate.swift in Sources */ = {isa = PBXBuildFile; fileRef = 3649C75A22F67FB9009AF83F /* SceneDelegate.swift */; };
		3649C75D22F67FB9009AF83F /* ViewController.swift in Sources */ = {isa = PBXBuildFile; fileRef = 3649C75C22F67FB9009AF83F /* ViewController.swift */; };
		3649C76522F67FBD009AF83F /* Assets.xcassets in Resources */ = {isa = PBXBuildFile; fileRef = 3649C76422F67FBD009AF83F /* Assets.xcassets */; };
		3649C76822F67FBD009AF83F /* LaunchScreen.storyboard in Resources */ = {isa = PBXBuildFile; fileRef = 3649C76622F67FBD009AF83F /* LaunchScreen.storyboard */; };
		3649C77322F67FBD009AF83F /* GiftMoneyTests.swift in Sources */ = {isa = PBXBuildFile; fileRef = 3649C77222F67FBD009AF83F /* GiftMoneyTests.swift */; };
		3649C79022F68644009AF83F /* InAccountTradeVC.swift in Sources */ = {isa = PBXBuildFile; fileRef = 3649C78F22F68644009AF83F /* InAccountTradeVC.swift */; };
		3649C79222F68679009AF83F /* MineViewController.swift in Sources */ = {isa = PBXBuildFile; fileRef = 3649C79122F68679009AF83F /* MineViewController.swift */; };
		3649C79422F6869B009AF83F /* StatisticsViewController.swift in Sources */ = {isa = PBXBuildFile; fileRef = 3649C79322F6869B009AF83F /* StatisticsViewController.swift */; };
		3695D2D723090B3600AC2044 /* InAccountEventGroupVC.swift in Sources */ = {isa = PBXBuildFile; fileRef = 3695D2D623090B3600AC2044 /* InAccountEventGroupVC.swift */; };
		3695D2DA2309112600AC2044 /* EventsGroupCell.swift in Sources */ = {isa = PBXBuildFile; fileRef = 3695D2D92309112600AC2044 /* EventsGroupCell.swift */; };
		3695D2DD23093E6D00AC2044 /* TextInput.swift in Sources */ = {isa = PBXBuildFile; fileRef = 3695D2DC23093E6D00AC2044 /* TextInput.swift */; };
		3695D2E023098E5F00AC2044 /* EventGroupModifyVC.swift in Sources */ = {isa = PBXBuildFile; fileRef = 3695D2DF23098E5F00AC2044 /* EventGroupModifyVC.swift */; };
		369923B623142F540000A71A /* TradeFunctionFilterView.swift in Sources */ = {isa = PBXBuildFile; fileRef = 369923B523142F540000A71A /* TradeFunctionFilterView.swift */; };
		369923BA231431DD0000A71A /* TradeFunctionButtonsView.swift in Sources */ = {isa = PBXBuildFile; fileRef = 369923B9231431DD0000A71A /* TradeFunctionButtonsView.swift */; };
		369DFE1122F68F270005B67D /* UIColor+appTheme.swift in Sources */ = {isa = PBXBuildFile; fileRef = 369DFE1022F68F270005B67D /* UIColor+appTheme.swift */; };
		369DFE1F22F6BD8A0005B67D /* AddTradeViewController.swift in Sources */ = {isa = PBXBuildFile; fileRef = 369DFE1E22F6BD8A0005B67D /* AddTradeViewController.swift */; };
		369DFE2222F6BDD30005B67D /* InputField.swift in Sources */ = {isa = PBXBuildFile; fileRef = 369DFE2122F6BDD30005B67D /* InputField.swift */; };
		369DFE3722F6CD930005B67D /* BaseViewController.swift in Sources */ = {isa = PBXBuildFile; fileRef = 369DFE3422F6CD930005B67D /* BaseViewController.swift */; };
		369DFE3822F6CD930005B67D /* BaseNavigationController.swift in Sources */ = {isa = PBXBuildFile; fileRef = 369DFE3522F6CD930005B67D /* BaseNavigationController.swift */; };
		369DFE3922F6CD930005B67D /* MainTabViewController.swift in Sources */ = {isa = PBXBuildFile; fileRef = 369DFE3622F6CD930005B67D /* MainTabViewController.swift */; };
		369DFF2522F7094F0005B67D /* Common.framework in Frameworks */ = {isa = PBXBuildFile; fileRef = 369DFEBA22F708600005B67D /* Common.framework */; };
		369DFF2622F7094F0005B67D /* Common.framework in Embed Frameworks */ = {isa = PBXBuildFile; fileRef = 369DFEBA22F708600005B67D /* Common.framework */; settings = {ATTRIBUTES = (CodeSignOnCopy, RemoveHeadersOnCopy, ); }; };
		380259C223272EF400C50090 /* SpeechManager.swift in Sources */ = {isa = PBXBuildFile; fileRef = 380259C123272EF400C50090 /* SpeechManager.swift */; };
		380259C42327461C00C50090 /* SpeechButtonView.swift in Sources */ = {isa = PBXBuildFile; fileRef = 380259C32327461C00C50090 /* SpeechButtonView.swift */; };
		380259E12328F24700C50090 /* CoreTelephony.framework in Frameworks */ = {isa = PBXBuildFile; fileRef = 380259DE2328F24700C50090 /* CoreTelephony.framework */; };
		380259E32328F25900C50090 /* libsqlite3.tbd in Frameworks */ = {isa = PBXBuildFile; fileRef = 380259E22328F25900C50090 /* libsqlite3.tbd */; };
		380259E52328F26200C50090 /* SystemConfiguration.framework in Frameworks */ = {isa = PBXBuildFile; fileRef = 380259E42328F26200C50090 /* SystemConfiguration.framework */; };
		380CCACE232A1FD8002AC4B8 /* CloudBackupQueue.swift in Sources */ = {isa = PBXBuildFile; fileRef = 380CCACD232A1FD8002AC4B8 /* CloudBackupQueue.swift */; };
		3818556322FACB6300024542 /* TradeCell.swift in Sources */ = {isa = PBXBuildFile; fileRef = 3818556222FACB6300024542 /* TradeCell.swift */; };
		3818556722FBC30700024542 /* Event.swift in Sources */ = {isa = PBXBuildFile; fileRef = 3818556622FBC30600024542 /* Event.swift */; };
		3818556922FBC54C00024542 /* TradeItem.swift in Sources */ = {isa = PBXBuildFile; fileRef = 3818556822FBC54C00024542 /* TradeItem.swift */; };
		3818556B22FBC57700024542 /* TradeMedia.swift in Sources */ = {isa = PBXBuildFile; fileRef = 3818556A22FBC57700024542 /* TradeMedia.swift */; };
		38220DC5232F2C22007955D0 /* JieBaBridge.mm in Sources */ = {isa = PBXBuildFile; fileRef = 38220DC4232F2C22007955D0 /* JieBaBridge.mm */; };
		38220DF8232F5769007955D0 /* Segmentor.cpp in Sources */ = {isa = PBXBuildFile; fileRef = 38220DD0232F5769007955D0 /* Segmentor.cpp */; };
		38220DF9232F5769007955D0 /* iosjieba.bundle in Resources */ = {isa = PBXBuildFile; fileRef = 38220DD1232F5769007955D0 /* iosjieba.bundle */; };
		38220DFB232F612C007955D0 /* WordAnalyze.swift in Sources */ = {isa = PBXBuildFile; fileRef = 38220DFA232F612C007955D0 /* WordAnalyze.swift */; };
		38220E0023307724007955D0 /* OptionalService.swift in Sources */ = {isa = PBXBuildFile; fileRef = 38220DFF23307724007955D0 /* OptionalService.swift */; };
		38236C67230105F000B67B8D /* TradeManger.swift in Sources */ = {isa = PBXBuildFile; fileRef = 38236C66230105F000B67B8D /* TradeManger.swift */; };
		38236C6C23028A8A00B67B8D /* EventCell.swift in Sources */ = {isa = PBXBuildFile; fileRef = 38236C6B23028A8A00B67B8D /* EventCell.swift */; };
		384CCA20230D3634006F0E3E /* libXlsxReaderWriter.a in Frameworks */ = {isa = PBXBuildFile; fileRef = 384CCA19230D35DD006F0E3E /* libXlsxReaderWriter.a */; };
		384CCA22230D3643006F0E3E /* libz.tbd in Frameworks */ = {isa = PBXBuildFile; fileRef = 384CCA21230D3643006F0E3E /* libz.tbd */; };
		386865802302A0FE000BBD85 /* OutAccountTradeVC.swift in Sources */ = {isa = PBXBuildFile; fileRef = 3868657F2302A0FE000BBD85 /* OutAccountTradeVC.swift */; };
		386865842302A1F9000BBD85 /* AllTradesVC.swift in Sources */ = {isa = PBXBuildFile; fileRef = 386865832302A1F9000BBD85 /* AllTradesVC.swift */; };
		386865872302A3B9000BBD85 /* AllTradeTabbar.swift in Sources */ = {isa = PBXBuildFile; fileRef = 386865862302A3B9000BBD85 /* AllTradeTabbar.swift */; };
		3868658C2303AE40000BBD85 /* ImageSetView.swift in Sources */ = {isa = PBXBuildFile; fileRef = 3868658B2303AE40000BBD85 /* ImageSetView.swift */; };
		3870C2BE2306A0EB000C1996 /* RelationEditeVC.swift in Sources */ = {isa = PBXBuildFile; fileRef = 3870C2BD2306A0EB000C1996 /* RelationEditeVC.swift */; };
		3870C2C02306A1C8000C1996 /* Relationship.swift in Sources */ = {isa = PBXBuildFile; fileRef = 3870C2BF2306A1C8000C1996 /* Relationship.swift */; };
		3870C2C7230A3C79000C1996 /* SearchTradeVC.swift in Sources */ = {isa = PBXBuildFile; fileRef = 3870C2C6230A3C79000C1996 /* SearchTradeVC.swift */; };
		3870C2CA230A86EA000C1996 /* MineSwitchRow.swift in Sources */ = {isa = PBXBuildFile; fileRef = 3870C2C9230A86EA000C1996 /* MineSwitchRow.swift */; };
		3870C2D5230A8766000C1996 /* DispatchQueue+Extensions.swift in Sources */ = {isa = PBXBuildFile; fileRef = 3870C2CF230A8766000C1996 /* DispatchQueue+Extensions.swift */; };
		3870C2D6230A8766000C1996 /* String+Extensions.swift in Sources */ = {isa = PBXBuildFile; fileRef = 3870C2D0230A8766000C1996 /* String+Extensions.swift */; };
		3870C2D9230A8766000C1996 /* ConstraintMakerRelatable+Extensions.swift in Sources */ = {isa = PBXBuildFile; fileRef = 3870C2D3230A8766000C1996 /* ConstraintMakerRelatable+Extensions.swift */; };
		3870C2DA230A8766000C1996 /* UILabel+Extensions.swift in Sources */ = {isa = PBXBuildFile; fileRef = 3870C2D4230A8766000C1996 /* UILabel+Extensions.swift */; };
		3870C2DC230A88E2000C1996 /* Main.storyboard in Resources */ = {isa = PBXBuildFile; fileRef = 3870C2DB230A88E2000C1996 /* Main.storyboard */; };
		3870C2DE230A8A7C000C1996 /* MineTextRow.swift in Sources */ = {isa = PBXBuildFile; fileRef = 3870C2DD230A8A7C000C1996 /* MineTextRow.swift */; };
		3870C2E0230A8FFC000C1996 /* MineDescriptionRow.swift in Sources */ = {isa = PBXBuildFile; fileRef = 3870C2DF230A8FFC000C1996 /* MineDescriptionRow.swift */; };
		3870C2E4230B8C22000C1996 /* MarketVC.swift in Sources */ = {isa = PBXBuildFile; fileRef = 3870C2E3230B8C22000C1996 /* MarketVC.swift */; };
		3870C2E7230B8CD5000C1996 /* MarketManager.swift in Sources */ = {isa = PBXBuildFile; fileRef = 3870C2E6230B8CD5000C1996 /* MarketManager.swift */; };
		3870C2E9230B9BFA000C1996 /* MarketServiceGroup.swift in Sources */ = {isa = PBXBuildFile; fileRef = 3870C2E8230B9BFA000C1996 /* MarketServiceGroup.swift */; };
		3870C2EB230BD117000C1996 /* LocalAuthManager.swift in Sources */ = {isa = PBXBuildFile; fileRef = 3870C2EA230BD117000C1996 /* LocalAuthManager.swift */; };
		3870C2ED230BD4C5000C1996 /* LocalAuthVC.swift in Sources */ = {isa = PBXBuildFile; fileRef = 3870C2EC230BD4C5000C1996 /* LocalAuthVC.swift */; };
		3870C2F8230CDD2A000C1996 /* XLSXManager.swift in Sources */ = {isa = PBXBuildFile; fileRef = 3870C2F7230CDD2A000C1996 /* XLSXManager.swift */; };
		38775E26230E753800B697F5 /* CloudManager.swift in Sources */ = {isa = PBXBuildFile; fileRef = 38775E25230E753800B697F5 /* CloudManager.swift */; };
		38775E4C230FEDDB00B697F5 /* AboutUsVC.swift in Sources */ = {isa = PBXBuildFile; fileRef = 38775E4B230FEDDB00B697F5 /* AboutUsVC.swift */; };
		387F6101230E333D0057D48F /* ImagesManager.swift in Sources */ = {isa = PBXBuildFile; fileRef = 387F6100230E333D0057D48F /* ImagesManager.swift */; };
		38970F252313CA76004E2660 /* TradeFunctionHeader.swift in Sources */ = {isa = PBXBuildFile; fileRef = 38970F242313CA76004E2660 /* TradeFunctionHeader.swift */; };
		38970F332314BCDE004E2660 /* TradeFunctionContainerView.swift in Sources */ = {isa = PBXBuildFile; fileRef = 38970F322314BCDE004E2660 /* TradeFunctionContainerView.swift */; };
		38970F372314CDC9004E2660 /* TradeFuntionSortView.swift in Sources */ = {isa = PBXBuildFile; fileRef = 38970F362314CDC9004E2660 /* TradeFuntionSortView.swift */; };
		38970F3923151E9C004E2660 /* TradeFunctionTimeView.swift in Sources */ = {isa = PBXBuildFile; fileRef = 38970F3823151E9C004E2660 /* TradeFunctionTimeView.swift */; };
		38970F3B2316412A004E2660 /* AccountManager.swift in Sources */ = {isa = PBXBuildFile; fileRef = 38970F3A2316412A004E2660 /* AccountManager.swift */; };
		38970F3D23164137004E2660 /* InviteManager.swift in Sources */ = {isa = PBXBuildFile; fileRef = 38970F3C23164137004E2660 /* InviteManager.swift */; };
		38970F3F231647AD004E2660 /* InviteCodeVC.swift in Sources */ = {isa = PBXBuildFile; fileRef = 38970F3E231647AD004E2660 /* InviteCodeVC.swift */; };
		38C8491E230D0E7B00900E88 /* TempExcelPreviewVC.swift in Sources */ = {isa = PBXBuildFile; fileRef = 38C8491D230D0E7B00900E88 /* TempExcelPreviewVC.swift */; };
		38EF4A7322F7C9C5007BB28A /* Trade.swift in Sources */ = {isa = PBXBuildFile; fileRef = 38EF4A7222F7C9C5007BB28A /* Trade.swift */; };
		38EF4A7A22F7D2D6007BB28A /* RealmManager.swift in Sources */ = {isa = PBXBuildFile; fileRef = 38EF4A7822F7D2D6007BB28A /* RealmManager.swift */; };
		38EF4A7B22F7D2D6007BB28A /* PrimaryKeyTable.swift in Sources */ = {isa = PBXBuildFile; fileRef = 38EF4A7922F7D2D6007BB28A /* PrimaryKeyTable.swift */; };
		38EF4A7D22F82CFB007BB28A /* SwitchInput.swift in Sources */ = {isa = PBXBuildFile; fileRef = 38EF4A7C22F82CFB007BB28A /* SwitchInput.swift */; };
		38FAD6302317BE2300F28AA0 /* FillInviteCodeVC.swift in Sources */ = {isa = PBXBuildFile; fileRef = 38FAD62F2317BE2300F28AA0 /* FillInviteCodeVC.swift */; };
		38FAD6372319057400F28AA0 /* StoreKit.framework in Frameworks */ = {isa = PBXBuildFile; fileRef = 38FAD6362319057400F28AA0 /* StoreKit.framework */; };
		38FECDA32330C4F900232A9A /* WordAnalyzeHelp.swift in Sources */ = {isa = PBXBuildFile; fileRef = 38FECDA22330C4F900232A9A /* WordAnalyzeHelp.swift */; };
		9131A2B286AAF38AC6E07A30 /* Pods_GiftMoneyTests.framework in Frameworks */ = {isa = PBXBuildFile; fileRef = 0CD9619697E07FCCA3869C7E /* Pods_GiftMoneyTests.framework */; };
		CA2D5E3412DF8FDF1099AEF6 /* Pods_GiftMoney.framework in Frameworks */ = {isa = PBXBuildFile; fileRef = 7CFC11492E154530B342BA1B /* Pods_GiftMoney.framework */; };
/* End PBXBuildFile section */

/* Begin PBXContainerItemProxy section */
		3649C76F22F67FBD009AF83F /* PBXContainerItemProxy */ = {
			isa = PBXContainerItemProxy;
			containerPortal = 3649C74D22F67FB9009AF83F /* Project object */;
			proxyType = 1;
			remoteGlobalIDString = 3649C75422F67FB9009AF83F;
			remoteInfo = GiftMoney;
		};
		369DFEB922F708600005B67D /* PBXContainerItemProxy */ = {
			isa = PBXContainerItemProxy;
			containerPortal = 369DFE3F22F708600005B67D /* Common.xcodeproj */;
			proxyType = 2;
			remoteGlobalIDString = 364F498A1E6710E500208E9D;
			remoteInfo = Common;
		};
		369DFEBB22F708600005B67D /* PBXContainerItemProxy */ = {
			isa = PBXContainerItemProxy;
			containerPortal = 369DFE3F22F708600005B67D /* Common.xcodeproj */;
			proxyType = 2;
			remoteGlobalIDString = 364F49931E6710E600208E9D;
			remoteInfo = CommonTests;
		};
		369DFF2322F7093E0005B67D /* PBXContainerItemProxy */ = {
			isa = PBXContainerItemProxy;
			containerPortal = 369DFE3F22F708600005B67D /* Common.xcodeproj */;
			proxyType = 1;
			remoteGlobalIDString = 364F49891E6710E500208E9D;
			remoteInfo = Common;
		};
		384CCA18230D35DD006F0E3E /* PBXContainerItemProxy */ = {
			isa = PBXContainerItemProxy;
			containerPortal = 384CCA11230D35DD006F0E3E /* XlsxReaderWriter.xcodeproj */;
			proxyType = 2;
			remoteGlobalIDString = 45B6E23A1A148F7500288A78;
			remoteInfo = XlsxReaderWriter;
		};
		384CCA1C230D35DD006F0E3E /* PBXContainerItemProxy */ = {
			isa = PBXContainerItemProxy;
			containerPortal = 384CCA11230D35DD006F0E3E /* XlsxReaderWriter.xcodeproj */;
			proxyType = 2;
			remoteGlobalIDString = 22156D581C46B42500BB5779;
			remoteInfo = "XlsxReaderWriter Mac";
		};
		384CCA1E230D362B006F0E3E /* PBXContainerItemProxy */ = {
			isa = PBXContainerItemProxy;
			containerPortal = 384CCA11230D35DD006F0E3E /* XlsxReaderWriter.xcodeproj */;
			proxyType = 1;
			remoteGlobalIDString = 45B6E2391A148F7500288A78;
			remoteInfo = XlsxReaderWriter;
		};
/* End PBXContainerItemProxy section */

/* Begin PBXCopyFilesBuildPhase section */
		369DFF2722F7094F0005B67D /* Embed Frameworks */ = {
			isa = PBXCopyFilesBuildPhase;
			buildActionMask = 2147483647;
			dstPath = "";
			dstSubfolderSpec = 10;
			files = (
				369DFF2622F7094F0005B67D /* Common.framework in Embed Frameworks */,
			);
			name = "Embed Frameworks";
			runOnlyForDeploymentPostprocessing = 0;
		};
/* End PBXCopyFilesBuildPhase section */

/* Begin PBXFileReference section */
		0CD9619697E07FCCA3869C7E /* Pods_GiftMoneyTests.framework */ = {isa = PBXFileReference; explicitFileType = wrapper.framework; includeInIndex = 0; path = Pods_GiftMoneyTests.framework; sourceTree = BUILT_PRODUCTS_DIR; };
		360E722A231ACE3B001842EE /* CloudKit.framework */ = {isa = PBXFileReference; lastKnownFileType = wrapper.framework; name = CloudKit.framework; path = System/Library/Frameworks/CloudKit.framework; sourceTree = SDKROOT; };
		36135D2222F7289800D17330 /* ScreenHelp.swift */ = {isa = PBXFileReference; fileEncoding = 4; lastKnownFileType = sourcecode.swift; path = ScreenHelp.swift; sourceTree = "<group>"; };
		36135D2622F728AC00D17330 /* UIFont+appTheme.swift */ = {isa = PBXFileReference; lastKnownFileType = sourcecode.swift; path = "UIFont+appTheme.swift"; sourceTree = "<group>"; };
		36135D4B22F871B200D17330 /* TradeItemRow.swift */ = {isa = PBXFileReference; lastKnownFileType = sourcecode.swift; path = TradeItemRow.swift; sourceTree = "<group>"; };
		36135D5322F9B02100D17330 /* Form.swift */ = {isa = PBXFileReference; lastKnownFileType = sourcecode.swift; path = Form.swift; sourceTree = "<group>"; };
		36135D5622FB214600D17330 /* DateInputField.swift */ = {isa = PBXFileReference; lastKnownFileType = sourcecode.swift; path = DateInputField.swift; sourceTree = "<group>"; };
		361DC9F0233114910025F3E1 /* UploadStateButton.swift */ = {isa = PBXFileReference; lastKnownFileType = sourcecode.swift; path = UploadStateButton.swift; sourceTree = "<group>"; };
		361DC9F223312FAB0025F3E1 /* SpeechHelpVC.swift */ = {isa = PBXFileReference; lastKnownFileType = sourcecode.swift; path = SpeechHelpVC.swift; sourceTree = "<group>"; };
		3620B8AE232B8CC000393329 /* RealtimeAnalyzer.swift */ = {isa = PBXFileReference; lastKnownFileType = sourcecode.swift; path = RealtimeAnalyzer.swift; sourceTree = "<group>"; };
		36294C7F2300429000819539 /* EventEditeViewController.swift */ = {isa = PBXFileReference; lastKnownFileType = sourcecode.swift; path = EventEditeViewController.swift; sourceTree = "<group>"; };
		3649C75522F67FB9009AF83F /* GiftMoney.app */ = {isa = PBXFileReference; explicitFileType = wrapper.application; includeInIndex = 0; path = GiftMoney.app; sourceTree = BUILT_PRODUCTS_DIR; };
		3649C75822F67FB9009AF83F /* AppDelegate.swift */ = {isa = PBXFileReference; lastKnownFileType = sourcecode.swift; path = AppDelegate.swift; sourceTree = "<group>"; };
		3649C75A22F67FB9009AF83F /* SceneDelegate.swift */ = {isa = PBXFileReference; lastKnownFileType = sourcecode.swift; path = SceneDelegate.swift; sourceTree = "<group>"; };
		3649C75C22F67FB9009AF83F /* ViewController.swift */ = {isa = PBXFileReference; lastKnownFileType = sourcecode.swift; path = ViewController.swift; sourceTree = "<group>"; };
		3649C76422F67FBD009AF83F /* Assets.xcassets */ = {isa = PBXFileReference; lastKnownFileType = folder.assetcatalog; path = Assets.xcassets; sourceTree = "<group>"; };
		3649C76722F67FBD009AF83F /* Base */ = {isa = PBXFileReference; lastKnownFileType = file.storyboard; name = Base; path = Base.lproj/LaunchScreen.storyboard; sourceTree = "<group>"; };
		3649C76922F67FBD009AF83F /* Info.plist */ = {isa = PBXFileReference; lastKnownFileType = text.plist.xml; path = Info.plist; sourceTree = "<group>"; };
		3649C76E22F67FBD009AF83F /* GiftMoneyTests.xctest */ = {isa = PBXFileReference; explicitFileType = wrapper.cfbundle; includeInIndex = 0; path = GiftMoneyTests.xctest; sourceTree = BUILT_PRODUCTS_DIR; };
		3649C77222F67FBD009AF83F /* GiftMoneyTests.swift */ = {isa = PBXFileReference; lastKnownFileType = sourcecode.swift; path = GiftMoneyTests.swift; sourceTree = "<group>"; };
		3649C77422F67FBD009AF83F /* Info.plist */ = {isa = PBXFileReference; lastKnownFileType = text.plist.xml; path = Info.plist; sourceTree = "<group>"; };
		3649C77D22F67FBD009AF83F /* GiftMoneyUITests.swift */ = {isa = PBXFileReference; lastKnownFileType = sourcecode.swift; path = GiftMoneyUITests.swift; sourceTree = "<group>"; };
		3649C77F22F67FBD009AF83F /* Info.plist */ = {isa = PBXFileReference; lastKnownFileType = text.plist.xml; path = Info.plist; sourceTree = "<group>"; };
		3649C78F22F68644009AF83F /* InAccountTradeVC.swift */ = {isa = PBXFileReference; lastKnownFileType = sourcecode.swift; path = InAccountTradeVC.swift; sourceTree = "<group>"; };
		3649C79122F68679009AF83F /* MineViewController.swift */ = {isa = PBXFileReference; lastKnownFileType = sourcecode.swift; path = MineViewController.swift; sourceTree = "<group>"; };
		3649C79322F6869B009AF83F /* StatisticsViewController.swift */ = {isa = PBXFileReference; lastKnownFileType = sourcecode.swift; path = StatisticsViewController.swift; sourceTree = "<group>"; };
		3695D2D623090B3600AC2044 /* InAccountEventGroupVC.swift */ = {isa = PBXFileReference; lastKnownFileType = sourcecode.swift; path = InAccountEventGroupVC.swift; sourceTree = "<group>"; };
		3695D2D92309112600AC2044 /* EventsGroupCell.swift */ = {isa = PBXFileReference; lastKnownFileType = sourcecode.swift; path = EventsGroupCell.swift; sourceTree = "<group>"; };
		3695D2DC23093E6D00AC2044 /* TextInput.swift */ = {isa = PBXFileReference; lastKnownFileType = sourcecode.swift; path = TextInput.swift; sourceTree = "<group>"; };
		3695D2DF23098E5F00AC2044 /* EventGroupModifyVC.swift */ = {isa = PBXFileReference; lastKnownFileType = sourcecode.swift; path = EventGroupModifyVC.swift; sourceTree = "<group>"; };
		369923B523142F540000A71A /* TradeFunctionFilterView.swift */ = {isa = PBXFileReference; lastKnownFileType = sourcecode.swift; path = TradeFunctionFilterView.swift; sourceTree = "<group>"; };
		369923B9231431DD0000A71A /* TradeFunctionButtonsView.swift */ = {isa = PBXFileReference; lastKnownFileType = sourcecode.swift; path = TradeFunctionButtonsView.swift; sourceTree = "<group>"; };
		369DFE1022F68F270005B67D /* UIColor+appTheme.swift */ = {isa = PBXFileReference; lastKnownFileType = sourcecode.swift; path = "UIColor+appTheme.swift"; sourceTree = "<group>"; };
		369DFE1E22F6BD8A0005B67D /* AddTradeViewController.swift */ = {isa = PBXFileReference; lastKnownFileType = sourcecode.swift; path = AddTradeViewController.swift; sourceTree = "<group>"; };
		369DFE2122F6BDD30005B67D /* InputField.swift */ = {isa = PBXFileReference; lastKnownFileType = sourcecode.swift; path = InputField.swift; sourceTree = "<group>"; };
		369DFE3422F6CD930005B67D /* BaseViewController.swift */ = {isa = PBXFileReference; fileEncoding = 4; lastKnownFileType = sourcecode.swift; path = BaseViewController.swift; sourceTree = "<group>"; };
		369DFE3522F6CD930005B67D /* BaseNavigationController.swift */ = {isa = PBXFileReference; fileEncoding = 4; lastKnownFileType = sourcecode.swift; path = BaseNavigationController.swift; sourceTree = "<group>"; };
		369DFE3622F6CD930005B67D /* MainTabViewController.swift */ = {isa = PBXFileReference; fileEncoding = 4; lastKnownFileType = sourcecode.swift; path = MainTabViewController.swift; sourceTree = "<group>"; };
		369DFE3F22F708600005B67D /* Common.xcodeproj */ = {isa = PBXFileReference; lastKnownFileType = "wrapper.pb-project"; path = Common.xcodeproj; sourceTree = "<group>"; };
		380259C123272EF400C50090 /* SpeechManager.swift */ = {isa = PBXFileReference; lastKnownFileType = sourcecode.swift; path = SpeechManager.swift; sourceTree = "<group>"; };
		380259C32327461C00C50090 /* SpeechButtonView.swift */ = {isa = PBXFileReference; lastKnownFileType = sourcecode.swift; path = SpeechButtonView.swift; sourceTree = "<group>"; };
		380259C82328BC5400C50090 /* zh-Hans */ = {isa = PBXFileReference; lastKnownFileType = text.plist.strings; name = "zh-Hans"; path = "zh-Hans.lproj/LaunchScreen.strings"; sourceTree = "<group>"; };
		380259DE2328F24700C50090 /* CoreTelephony.framework */ = {isa = PBXFileReference; lastKnownFileType = wrapper.framework; name = CoreTelephony.framework; path = System/Library/Frameworks/CoreTelephony.framework; sourceTree = SDKROOT; };
		380259E22328F25900C50090 /* libsqlite3.tbd */ = {isa = PBXFileReference; lastKnownFileType = "sourcecode.text-based-dylib-definition"; name = libsqlite3.tbd; path = usr/lib/libsqlite3.tbd; sourceTree = SDKROOT; };
		380259E42328F26200C50090 /* SystemConfiguration.framework */ = {isa = PBXFileReference; lastKnownFileType = wrapper.framework; name = SystemConfiguration.framework; path = System/Library/Frameworks/SystemConfiguration.framework; sourceTree = SDKROOT; };
		380CCACD232A1FD8002AC4B8 /* CloudBackupQueue.swift */ = {isa = PBXFileReference; lastKnownFileType = sourcecode.swift; path = CloudBackupQueue.swift; sourceTree = "<group>"; };
		3818556222FACB6300024542 /* TradeCell.swift */ = {isa = PBXFileReference; lastKnownFileType = sourcecode.swift; path = TradeCell.swift; sourceTree = "<group>"; };
		3818556622FBC30600024542 /* Event.swift */ = {isa = PBXFileReference; lastKnownFileType = sourcecode.swift; path = Event.swift; sourceTree = "<group>"; };
		3818556822FBC54C00024542 /* TradeItem.swift */ = {isa = PBXFileReference; lastKnownFileType = sourcecode.swift; path = TradeItem.swift; sourceTree = "<group>"; };
		3818556A22FBC57700024542 /* TradeMedia.swift */ = {isa = PBXFileReference; lastKnownFileType = sourcecode.swift; path = TradeMedia.swift; sourceTree = "<group>"; };
		38220DC3232F2C22007955D0 /* JieBaBridge.h */ = {isa = PBXFileReference; lastKnownFileType = sourcecode.c.h; path = JieBaBridge.h; sourceTree = "<group>"; };
		38220DC4232F2C22007955D0 /* JieBaBridge.mm */ = {isa = PBXFileReference; lastKnownFileType = sourcecode.cpp.objcpp; path = JieBaBridge.mm; sourceTree = "<group>"; };
		38220DC6232F4E2F007955D0 /* xlsxwriter.framework */ = {isa = PBXFileReference; explicitFileType = wrapper.framework; path = xlsxwriter.framework; sourceTree = BUILT_PRODUCTS_DIR; };
		38220DD0232F5769007955D0 /* Segmentor.cpp */ = {isa = PBXFileReference; fileEncoding = 4; lastKnownFileType = sourcecode.cpp.cpp; path = Segmentor.cpp; sourceTree = "<group>"; };
		38220DD1232F5769007955D0 /* iosjieba.bundle */ = {isa = PBXFileReference; lastKnownFileType = "wrapper.plug-in"; path = iosjieba.bundle; sourceTree = "<group>"; };
		38220DD3232F5769007955D0 /* DictTrie.hpp */ = {isa = PBXFileReference; fileEncoding = 4; lastKnownFileType = sourcecode.cpp.h; path = DictTrie.hpp; sourceTree = "<group>"; };
		38220DD4232F5769007955D0 /* Unicode.hpp */ = {isa = PBXFileReference; fileEncoding = 4; lastKnownFileType = sourcecode.cpp.h; path = Unicode.hpp; sourceTree = "<group>"; };
		38220DD5232F5769007955D0 /* PreFilter.hpp */ = {isa = PBXFileReference; fileEncoding = 4; lastKnownFileType = sourcecode.cpp.h; path = PreFilter.hpp; sourceTree = "<group>"; };
		38220DD6232F5769007955D0 /* FullSegment.hpp */ = {isa = PBXFileReference; fileEncoding = 4; lastKnownFileType = sourcecode.cpp.h; path = FullSegment.hpp; sourceTree = "<group>"; };
		38220DD7232F5769007955D0 /* MixSegment.hpp */ = {isa = PBXFileReference; fileEncoding = 4; lastKnownFileType = sourcecode.cpp.h; path = MixSegment.hpp; sourceTree = "<group>"; };
		38220DD8232F5769007955D0 /* MPSegment.hpp */ = {isa = PBXFileReference; fileEncoding = 4; lastKnownFileType = sourcecode.cpp.h; path = MPSegment.hpp; sourceTree = "<group>"; };
		38220DD9232F5769007955D0 /* KeywordExtractor.hpp */ = {isa = PBXFileReference; fileEncoding = 4; lastKnownFileType = sourcecode.cpp.h; path = KeywordExtractor.hpp; sourceTree = "<group>"; };
		38220DDA232F5769007955D0 /* Jieba.hpp */ = {isa = PBXFileReference; fileEncoding = 4; lastKnownFileType = sourcecode.cpp.h; path = Jieba.hpp; sourceTree = "<group>"; };
		38220DDB232F5769007955D0 /* TextRankExtractor.hpp */ = {isa = PBXFileReference; fileEncoding = 4; lastKnownFileType = sourcecode.cpp.h; path = TextRankExtractor.hpp; sourceTree = "<group>"; };
		38220DDC232F5769007955D0 /* PosTagger.hpp */ = {isa = PBXFileReference; fileEncoding = 4; lastKnownFileType = sourcecode.cpp.h; path = PosTagger.hpp; sourceTree = "<group>"; };
		38220DDD232F5769007955D0 /* Trie.hpp */ = {isa = PBXFileReference; fileEncoding = 4; lastKnownFileType = sourcecode.cpp.h; path = Trie.hpp; sourceTree = "<group>"; };
		38220DDF232F5769007955D0 /* ThreadPool.hpp */ = {isa = PBXFileReference; fileEncoding = 4; lastKnownFileType = sourcecode.cpp.h; path = ThreadPool.hpp; sourceTree = "<group>"; };
		38220DE0232F5769007955D0 /* Colors.hpp */ = {isa = PBXFileReference; fileEncoding = 4; lastKnownFileType = sourcecode.cpp.h; path = Colors.hpp; sourceTree = "<group>"; };
		38220DE1232F5769007955D0 /* StdExtension.hpp */ = {isa = PBXFileReference; fileEncoding = 4; lastKnownFileType = sourcecode.cpp.h; path = StdExtension.hpp; sourceTree = "<group>"; };
		38220DE2232F5769007955D0 /* StringUtil.hpp */ = {isa = PBXFileReference; fileEncoding = 4; lastKnownFileType = sourcecode.cpp.h; path = StringUtil.hpp; sourceTree = "<group>"; };
		38220DE3232F5769007955D0 /* LocalVector.hpp */ = {isa = PBXFileReference; fileEncoding = 4; lastKnownFileType = sourcecode.cpp.h; path = LocalVector.hpp; sourceTree = "<group>"; };
		38220DE4232F5769007955D0 /* BlockingQueue.hpp */ = {isa = PBXFileReference; fileEncoding = 4; lastKnownFileType = sourcecode.cpp.h; path = BlockingQueue.hpp; sourceTree = "<group>"; };
		38220DE5232F5769007955D0 /* Closure.hpp */ = {isa = PBXFileReference; fileEncoding = 4; lastKnownFileType = sourcecode.cpp.h; path = Closure.hpp; sourceTree = "<group>"; };
		38220DE6232F5769007955D0 /* Config.hpp */ = {isa = PBXFileReference; fileEncoding = 4; lastKnownFileType = sourcecode.cpp.h; path = Config.hpp; sourceTree = "<group>"; };
		38220DE7232F5769007955D0 /* ForcePublic.hpp */ = {isa = PBXFileReference; fileEncoding = 4; lastKnownFileType = sourcecode.cpp.h; path = ForcePublic.hpp; sourceTree = "<group>"; };
		38220DE8232F5769007955D0 /* BoundedQueue.hpp */ = {isa = PBXFileReference; fileEncoding = 4; lastKnownFileType = sourcecode.cpp.h; path = BoundedQueue.hpp; sourceTree = "<group>"; };
		38220DE9232F5769007955D0 /* ArgvContext.hpp */ = {isa = PBXFileReference; fileEncoding = 4; lastKnownFileType = sourcecode.cpp.h; path = ArgvContext.hpp; sourceTree = "<group>"; };
		38220DEA232F5769007955D0 /* Condition.hpp */ = {isa = PBXFileReference; fileEncoding = 4; lastKnownFileType = sourcecode.cpp.h; path = Condition.hpp; sourceTree = "<group>"; };
		38220DEB232F5769007955D0 /* Md5.hpp */ = {isa = PBXFileReference; fileEncoding = 4; lastKnownFileType = sourcecode.cpp.h; path = Md5.hpp; sourceTree = "<group>"; };
		38220DEC232F5769007955D0 /* Thread.hpp */ = {isa = PBXFileReference; fileEncoding = 4; lastKnownFileType = sourcecode.cpp.h; path = Thread.hpp; sourceTree = "<group>"; };
		38220DED232F5769007955D0 /* MutexLock.hpp */ = {isa = PBXFileReference; fileEncoding = 4; lastKnownFileType = sourcecode.cpp.h; path = MutexLock.hpp; sourceTree = "<group>"; };
		38220DEE232F5769007955D0 /* FileLock.hpp */ = {isa = PBXFileReference; fileEncoding = 4; lastKnownFileType = sourcecode.cpp.h; path = FileLock.hpp; sourceTree = "<group>"; };
		38220DEF232F5769007955D0 /* Logging.hpp */ = {isa = PBXFileReference; fileEncoding = 4; lastKnownFileType = sourcecode.cpp.h; path = Logging.hpp; sourceTree = "<group>"; };
		38220DF0232F5769007955D0 /* NonCopyable.hpp */ = {isa = PBXFileReference; fileEncoding = 4; lastKnownFileType = sourcecode.cpp.h; path = NonCopyable.hpp; sourceTree = "<group>"; };
		38220DF1232F5769007955D0 /* BoundedBlockingQueue.hpp */ = {isa = PBXFileReference; fileEncoding = 4; lastKnownFileType = sourcecode.cpp.h; path = BoundedBlockingQueue.hpp; sourceTree = "<group>"; };
		38220DF2232F5769007955D0 /* QuerySegment.hpp */ = {isa = PBXFileReference; fileEncoding = 4; lastKnownFileType = sourcecode.cpp.h; path = QuerySegment.hpp; sourceTree = "<group>"; };
		38220DF3232F5769007955D0 /* SegmentTagged.hpp */ = {isa = PBXFileReference; fileEncoding = 4; lastKnownFileType = sourcecode.cpp.h; path = SegmentTagged.hpp; sourceTree = "<group>"; };
		38220DF4232F5769007955D0 /* HMMModel.hpp */ = {isa = PBXFileReference; fileEncoding = 4; lastKnownFileType = sourcecode.cpp.h; path = HMMModel.hpp; sourceTree = "<group>"; };
		38220DF5232F5769007955D0 /* SegmentBase.hpp */ = {isa = PBXFileReference; fileEncoding = 4; lastKnownFileType = sourcecode.cpp.h; path = SegmentBase.hpp; sourceTree = "<group>"; };
		38220DF6232F5769007955D0 /* HMMSegment.hpp */ = {isa = PBXFileReference; fileEncoding = 4; lastKnownFileType = sourcecode.cpp.h; path = HMMSegment.hpp; sourceTree = "<group>"; };
		38220DF7232F5769007955D0 /* Segmentor.h */ = {isa = PBXFileReference; fileEncoding = 4; lastKnownFileType = sourcecode.c.h; path = Segmentor.h; sourceTree = "<group>"; };
		38220DFA232F612C007955D0 /* WordAnalyze.swift */ = {isa = PBXFileReference; lastKnownFileType = sourcecode.swift; path = WordAnalyze.swift; sourceTree = "<group>"; };
		38220DFF23307724007955D0 /* OptionalService.swift */ = {isa = PBXFileReference; lastKnownFileType = sourcecode.swift; path = OptionalService.swift; sourceTree = "<group>"; };
		38236C66230105F000B67B8D /* TradeManger.swift */ = {isa = PBXFileReference; lastKnownFileType = sourcecode.swift; path = TradeManger.swift; sourceTree = "<group>"; };
		38236C6B23028A8A00B67B8D /* EventCell.swift */ = {isa = PBXFileReference; lastKnownFileType = sourcecode.swift; path = EventCell.swift; sourceTree = "<group>"; };
		3849261823179DB50012D775 /* GiftMoney.entitlements */ = {isa = PBXFileReference; lastKnownFileType = text.plist.entitlements; path = GiftMoney.entitlements; sourceTree = "<group>"; };
		384CCA11230D35DD006F0E3E /* XlsxReaderWriter.xcodeproj */ = {isa = PBXFileReference; lastKnownFileType = "wrapper.pb-project"; path = XlsxReaderWriter.xcodeproj; sourceTree = "<group>"; };
		384CCA21230D3643006F0E3E /* libz.tbd */ = {isa = PBXFileReference; lastKnownFileType = "sourcecode.text-based-dylib-definition"; name = libz.tbd; path = usr/lib/libz.tbd; sourceTree = SDKROOT; };
		3868657F2302A0FE000BBD85 /* OutAccountTradeVC.swift */ = {isa = PBXFileReference; lastKnownFileType = sourcecode.swift; path = OutAccountTradeVC.swift; sourceTree = "<group>"; };
		386865832302A1F9000BBD85 /* AllTradesVC.swift */ = {isa = PBXFileReference; lastKnownFileType = sourcecode.swift; path = AllTradesVC.swift; sourceTree = "<group>"; };
		386865862302A3B9000BBD85 /* AllTradeTabbar.swift */ = {isa = PBXFileReference; lastKnownFileType = sourcecode.swift; path = AllTradeTabbar.swift; sourceTree = "<group>"; };
		3868658B2303AE40000BBD85 /* ImageSetView.swift */ = {isa = PBXFileReference; lastKnownFileType = sourcecode.swift; path = ImageSetView.swift; sourceTree = "<group>"; };
		3870C2BD2306A0EB000C1996 /* RelationEditeVC.swift */ = {isa = PBXFileReference; lastKnownFileType = sourcecode.swift; path = RelationEditeVC.swift; sourceTree = "<group>"; };
		3870C2BF2306A1C8000C1996 /* Relationship.swift */ = {isa = PBXFileReference; lastKnownFileType = sourcecode.swift; path = Relationship.swift; sourceTree = "<group>"; };
		3870C2C6230A3C79000C1996 /* SearchTradeVC.swift */ = {isa = PBXFileReference; lastKnownFileType = sourcecode.swift; path = SearchTradeVC.swift; sourceTree = "<group>"; };
		3870C2C9230A86EA000C1996 /* MineSwitchRow.swift */ = {isa = PBXFileReference; lastKnownFileType = sourcecode.swift; path = MineSwitchRow.swift; sourceTree = "<group>"; };
		3870C2CF230A8766000C1996 /* DispatchQueue+Extensions.swift */ = {isa = PBXFileReference; fileEncoding = 4; lastKnownFileType = sourcecode.swift; path = "DispatchQueue+Extensions.swift"; sourceTree = "<group>"; };
		3870C2D0230A8766000C1996 /* String+Extensions.swift */ = {isa = PBXFileReference; fileEncoding = 4; lastKnownFileType = sourcecode.swift; path = "String+Extensions.swift"; sourceTree = "<group>"; };
		3870C2D3230A8766000C1996 /* ConstraintMakerRelatable+Extensions.swift */ = {isa = PBXFileReference; fileEncoding = 4; lastKnownFileType = sourcecode.swift; path = "ConstraintMakerRelatable+Extensions.swift"; sourceTree = "<group>"; };
		3870C2D4230A8766000C1996 /* UILabel+Extensions.swift */ = {isa = PBXFileReference; fileEncoding = 4; lastKnownFileType = sourcecode.swift; path = "UILabel+Extensions.swift"; sourceTree = "<group>"; };
		3870C2DB230A88E2000C1996 /* Main.storyboard */ = {isa = PBXFileReference; lastKnownFileType = file.storyboard; path = Main.storyboard; sourceTree = "<group>"; };
		3870C2DD230A8A7C000C1996 /* MineTextRow.swift */ = {isa = PBXFileReference; lastKnownFileType = sourcecode.swift; path = MineTextRow.swift; sourceTree = "<group>"; };
		3870C2DF230A8FFC000C1996 /* MineDescriptionRow.swift */ = {isa = PBXFileReference; lastKnownFileType = sourcecode.swift; path = MineDescriptionRow.swift; sourceTree = "<group>"; };
		3870C2E3230B8C22000C1996 /* MarketVC.swift */ = {isa = PBXFileReference; lastKnownFileType = sourcecode.swift; path = MarketVC.swift; sourceTree = "<group>"; };
		3870C2E6230B8CD5000C1996 /* MarketManager.swift */ = {isa = PBXFileReference; lastKnownFileType = sourcecode.swift; path = MarketManager.swift; sourceTree = "<group>"; };
		3870C2E8230B9BFA000C1996 /* MarketServiceGroup.swift */ = {isa = PBXFileReference; lastKnownFileType = sourcecode.swift; path = MarketServiceGroup.swift; sourceTree = "<group>"; };
		3870C2EA230BD117000C1996 /* LocalAuthManager.swift */ = {isa = PBXFileReference; lastKnownFileType = sourcecode.swift; path = LocalAuthManager.swift; sourceTree = "<group>"; };
		3870C2EC230BD4C5000C1996 /* LocalAuthVC.swift */ = {isa = PBXFileReference; lastKnownFileType = sourcecode.swift; path = LocalAuthVC.swift; sourceTree = "<group>"; };
		3870C2F7230CDD2A000C1996 /* XLSXManager.swift */ = {isa = PBXFileReference; lastKnownFileType = sourcecode.swift; path = XLSXManager.swift; sourceTree = "<group>"; };
		3870C2F9230CDEBB000C1996 /* GiftMoney-Bridging-Header.h */ = {isa = PBXFileReference; lastKnownFileType = sourcecode.c.h; path = "GiftMoney-Bridging-Header.h"; sourceTree = "<group>"; };
		38775E25230E753800B697F5 /* CloudManager.swift */ = {isa = PBXFileReference; lastKnownFileType = sourcecode.swift; path = CloudManager.swift; sourceTree = "<group>"; };
		38775E4B230FEDDB00B697F5 /* AboutUsVC.swift */ = {isa = PBXFileReference; lastKnownFileType = sourcecode.swift; path = AboutUsVC.swift; sourceTree = "<group>"; };
		387F6100230E333D0057D48F /* ImagesManager.swift */ = {isa = PBXFileReference; lastKnownFileType = sourcecode.swift; path = ImagesManager.swift; sourceTree = "<group>"; };
		38970F242313CA76004E2660 /* TradeFunctionHeader.swift */ = {isa = PBXFileReference; lastKnownFileType = sourcecode.swift; path = TradeFunctionHeader.swift; sourceTree = "<group>"; };
		38970F322314BCDE004E2660 /* TradeFunctionContainerView.swift */ = {isa = PBXFileReference; lastKnownFileType = sourcecode.swift; path = TradeFunctionContainerView.swift; sourceTree = "<group>"; };
		38970F362314CDC9004E2660 /* TradeFuntionSortView.swift */ = {isa = PBXFileReference; lastKnownFileType = sourcecode.swift; path = TradeFuntionSortView.swift; sourceTree = "<group>"; };
		38970F3823151E9C004E2660 /* TradeFunctionTimeView.swift */ = {isa = PBXFileReference; lastKnownFileType = sourcecode.swift; path = TradeFunctionTimeView.swift; sourceTree = "<group>"; };
		38970F3A2316412A004E2660 /* AccountManager.swift */ = {isa = PBXFileReference; lastKnownFileType = sourcecode.swift; path = AccountManager.swift; sourceTree = "<group>"; };
		38970F3C23164137004E2660 /* InviteManager.swift */ = {isa = PBXFileReference; lastKnownFileType = sourcecode.swift; path = InviteManager.swift; sourceTree = "<group>"; };
		38970F3E231647AD004E2660 /* InviteCodeVC.swift */ = {isa = PBXFileReference; lastKnownFileType = sourcecode.swift; path = InviteCodeVC.swift; sourceTree = "<group>"; };
		38C8491D230D0E7B00900E88 /* TempExcelPreviewVC.swift */ = {isa = PBXFileReference; lastKnownFileType = sourcecode.swift; path = TempExcelPreviewVC.swift; sourceTree = "<group>"; };
		38EF4A7222F7C9C5007BB28A /* Trade.swift */ = {isa = PBXFileReference; lastKnownFileType = sourcecode.swift; path = Trade.swift; sourceTree = "<group>"; };
		38EF4A7822F7D2D6007BB28A /* RealmManager.swift */ = {isa = PBXFileReference; fileEncoding = 4; lastKnownFileType = sourcecode.swift; path = RealmManager.swift; sourceTree = "<group>"; };
		38EF4A7922F7D2D6007BB28A /* PrimaryKeyTable.swift */ = {isa = PBXFileReference; fileEncoding = 4; lastKnownFileType = sourcecode.swift; path = PrimaryKeyTable.swift; sourceTree = "<group>"; };
		38EF4A7C22F82CFB007BB28A /* SwitchInput.swift */ = {isa = PBXFileReference; lastKnownFileType = sourcecode.swift; path = SwitchInput.swift; sourceTree = "<group>"; };
		38FAD62F2317BE2300F28AA0 /* FillInviteCodeVC.swift */ = {isa = PBXFileReference; lastKnownFileType = sourcecode.swift; path = FillInviteCodeVC.swift; sourceTree = "<group>"; };
		38FAD6362319057400F28AA0 /* StoreKit.framework */ = {isa = PBXFileReference; lastKnownFileType = wrapper.framework; name = StoreKit.framework; path = System/Library/Frameworks/StoreKit.framework; sourceTree = SDKROOT; };
		38FECDA22330C4F900232A9A /* WordAnalyzeHelp.swift */ = {isa = PBXFileReference; lastKnownFileType = sourcecode.swift; path = WordAnalyzeHelp.swift; sourceTree = "<group>"; };
		77429951A2D4E665BC0D3F1C /* Pods-GiftMoneyTests.debug.xcconfig */ = {isa = PBXFileReference; includeInIndex = 1; lastKnownFileType = text.xcconfig; name = "Pods-GiftMoneyTests.debug.xcconfig"; path = "Target Support Files/Pods-GiftMoneyTests/Pods-GiftMoneyTests.debug.xcconfig"; sourceTree = "<group>"; };
		7B0213D6FF91967F5765DFA8 /* Pods-GiftMoneyUITests.release.xcconfig */ = {isa = PBXFileReference; includeInIndex = 1; lastKnownFileType = text.xcconfig; name = "Pods-GiftMoneyUITests.release.xcconfig"; path = "Target Support Files/Pods-GiftMoneyUITests/Pods-GiftMoneyUITests.release.xcconfig"; sourceTree = "<group>"; };
		7CFC11492E154530B342BA1B /* Pods_GiftMoney.framework */ = {isa = PBXFileReference; explicitFileType = wrapper.framework; includeInIndex = 0; path = Pods_GiftMoney.framework; sourceTree = BUILT_PRODUCTS_DIR; };
		9D936886169576D32657005B /* Pods-GiftMoneyUITests.debug.xcconfig */ = {isa = PBXFileReference; includeInIndex = 1; lastKnownFileType = text.xcconfig; name = "Pods-GiftMoneyUITests.debug.xcconfig"; path = "Target Support Files/Pods-GiftMoneyUITests/Pods-GiftMoneyUITests.debug.xcconfig"; sourceTree = "<group>"; };
		B12DA1992B17A1CABDA11D8E /* Pods-GiftMoney.debug.xcconfig */ = {isa = PBXFileReference; includeInIndex = 1; lastKnownFileType = text.xcconfig; name = "Pods-GiftMoney.debug.xcconfig"; path = "Target Support Files/Pods-GiftMoney/Pods-GiftMoney.debug.xcconfig"; sourceTree = "<group>"; };
		C775E89F86737A9B2F74FE5B /* Pods-GiftMoneyTests.release.xcconfig */ = {isa = PBXFileReference; includeInIndex = 1; lastKnownFileType = text.xcconfig; name = "Pods-GiftMoneyTests.release.xcconfig"; path = "Target Support Files/Pods-GiftMoneyTests/Pods-GiftMoneyTests.release.xcconfig"; sourceTree = "<group>"; };
		F2A6EF788216A996B40FFA38 /* Pods_GiftMoneyUITests.framework */ = {isa = PBXFileReference; explicitFileType = wrapper.framework; includeInIndex = 0; path = Pods_GiftMoneyUITests.framework; sourceTree = BUILT_PRODUCTS_DIR; };
		FE4753A816F5D3C0997C58EC /* Pods-GiftMoney.release.xcconfig */ = {isa = PBXFileReference; includeInIndex = 1; lastKnownFileType = text.xcconfig; name = "Pods-GiftMoney.release.xcconfig"; path = "Target Support Files/Pods-GiftMoney/Pods-GiftMoney.release.xcconfig"; sourceTree = "<group>"; };
/* End PBXFileReference section */

/* Begin PBXFrameworksBuildPhase section */
		3649C75222F67FB9009AF83F /* Frameworks */ = {
			isa = PBXFrameworksBuildPhase;
			buildActionMask = 2147483647;
			files = (
				380259E52328F26200C50090 /* SystemConfiguration.framework in Frameworks */,
				380259E32328F25900C50090 /* libsqlite3.tbd in Frameworks */,
				380259E12328F24700C50090 /* CoreTelephony.framework in Frameworks */,
				384CCA22230D3643006F0E3E /* libz.tbd in Frameworks */,
				384CCA20230D3634006F0E3E /* libXlsxReaderWriter.a in Frameworks */,
				38FAD6372319057400F28AA0 /* StoreKit.framework in Frameworks */,
				360E722B231ACE3B001842EE /* CloudKit.framework in Frameworks */,
				CA2D5E3412DF8FDF1099AEF6 /* Pods_GiftMoney.framework in Frameworks */,
				369DFF2522F7094F0005B67D /* Common.framework in Frameworks */,
			);
			runOnlyForDeploymentPostprocessing = 0;
		};
		3649C76B22F67FBD009AF83F /* Frameworks */ = {
			isa = PBXFrameworksBuildPhase;
			buildActionMask = 2147483647;
			files = (
				9131A2B286AAF38AC6E07A30 /* Pods_GiftMoneyTests.framework in Frameworks */,
			);
			runOnlyForDeploymentPostprocessing = 0;
		};
/* End PBXFrameworksBuildPhase section */

/* Begin PBXGroup section */
		36135D2122F7289800D17330 /* Utils */ = {
			isa = PBXGroup;
			children = (
				36135D2222F7289800D17330 /* ScreenHelp.swift */,
				3620B8AE232B8CC000393329 /* RealtimeAnalyzer.swift */,
			);
			path = Utils;
			sourceTree = "<group>";
		};
		36135D5122F9B00D00D17330 /* forms */ = {
			isa = PBXGroup;
			children = (
				36135D5322F9B02100D17330 /* Form.swift */,
			);
			path = forms;
			sourceTree = "<group>";
		};
		36294C7D2300425200819539 /* scene */ = {
			isa = PBXGroup;
			children = (
				3649C79122F68679009AF83F /* MineViewController.swift */,
				3649C79322F6869B009AF83F /* StatisticsViewController.swift */,
				369DFE1E22F6BD8A0005B67D /* AddTradeViewController.swift */,
				36294C7F2300429000819539 /* EventEditeViewController.swift */,
				3649C78F22F68644009AF83F /* InAccountTradeVC.swift */,
				3868657F2302A0FE000BBD85 /* OutAccountTradeVC.swift */,
				386865832302A1F9000BBD85 /* AllTradesVC.swift */,
				3870C2BD2306A0EB000C1996 /* RelationEditeVC.swift */,
				3695D2D623090B3600AC2044 /* InAccountEventGroupVC.swift */,
				3695D2DF23098E5F00AC2044 /* EventGroupModifyVC.swift */,
				3870C2C6230A3C79000C1996 /* SearchTradeVC.swift */,
				3870C2E3230B8C22000C1996 /* MarketVC.swift */,
				3870C2EC230BD4C5000C1996 /* LocalAuthVC.swift */,
				38C8491D230D0E7B00900E88 /* TempExcelPreviewVC.swift */,
				38775E4B230FEDDB00B697F5 /* AboutUsVC.swift */,
				38970F3E231647AD004E2660 /* InviteCodeVC.swift */,
				38FAD62F2317BE2300F28AA0 /* FillInviteCodeVC.swift */,
				361DC9F223312FAB0025F3E1 /* SpeechHelpVC.swift */,
			);
			path = scene;
			sourceTree = "<group>";
		};
		3649C74C22F67FB9009AF83F = {
			isa = PBXGroup;
			children = (
				369DFE3D22F708600005B67D /* Depends */,
				3649C75722F67FB9009AF83F /* GiftMoney */,
				3649C77122F67FBD009AF83F /* GiftMoneyTests */,
				3649C77C22F67FBD009AF83F /* GiftMoneyUITests */,
				3649C75622F67FB9009AF83F /* Products */,
				71B545BC70EC9E6699DCFCAF /* Pods */,
				E63782FD40E14AE5A4748D9A /* Frameworks */,
			);
			sourceTree = "<group>";
		};
		3649C75622F67FB9009AF83F /* Products */ = {
			isa = PBXGroup;
			children = (
				3649C75522F67FB9009AF83F /* GiftMoney.app */,
				3649C76E22F67FBD009AF83F /* GiftMoneyTests.xctest */,
			);
			name = Products;
			sourceTree = "<group>";
		};
		3649C75722F67FB9009AF83F /* GiftMoney */ = {
			isa = PBXGroup;
			children = (
				3849261823179DB50012D775 /* GiftMoney.entitlements */,
				3870C2CE230A8766000C1996 /* Extensions */,
				38236C64230105D700B67B8D /* Services */,
				38EF4A7722F7D2D6007BB28A /* Realm */,
				38EF4A7022F7C9A6007BB28A /* Models */,
				36135D2122F7289800D17330 /* Utils */,
				369DFE0F22F68EE90005B67D /* Theme */,
				3649C78B22F68531009AF83F /* Views */,
				3649C75822F67FB9009AF83F /* AppDelegate.swift */,
				3649C75A22F67FB9009AF83F /* SceneDelegate.swift */,
				3649C75C22F67FB9009AF83F /* ViewController.swift */,
				3649C76422F67FBD009AF83F /* Assets.xcassets */,
				3649C76622F67FBD009AF83F /* LaunchScreen.storyboard */,
				3649C76922F67FBD009AF83F /* Info.plist */,
				3870C2DB230A88E2000C1996 /* Main.storyboard */,
				3870C2F9230CDEBB000C1996 /* GiftMoney-Bridging-Header.h */,
			);
			path = GiftMoney;
			sourceTree = "<group>";
		};
		3649C77122F67FBD009AF83F /* GiftMoneyTests */ = {
			isa = PBXGroup;
			children = (
				3649C77222F67FBD009AF83F /* GiftMoneyTests.swift */,
				3649C77422F67FBD009AF83F /* Info.plist */,
			);
			path = GiftMoneyTests;
			sourceTree = "<group>";
		};
		3649C77C22F67FBD009AF83F /* GiftMoneyUITests */ = {
			isa = PBXGroup;
			children = (
				3649C77D22F67FBD009AF83F /* GiftMoneyUITests.swift */,
				3649C77F22F67FBD009AF83F /* Info.plist */,
			);
			path = GiftMoneyUITests;
			sourceTree = "<group>";
		};
		3649C78B22F68531009AF83F /* Views */ = {
			isa = PBXGroup;
			children = (
				36294C7D2300425200819539 /* scene */,
				36135D5122F9B00D00D17330 /* forms */,
				369DFE3322F6CD930005B67D /* base */,
				369DFE2022F6BD9D0005B67D /* components */,
			);
			path = Views;
			sourceTree = "<group>";
		};
		369DFE0F22F68EE90005B67D /* Theme */ = {
			isa = PBXGroup;
			children = (
				369DFE1022F68F270005B67D /* UIColor+appTheme.swift */,
				36135D2622F728AC00D17330 /* UIFont+appTheme.swift */,
			);
			path = Theme;
			sourceTree = "<group>";
		};
		369DFE2022F6BD9D0005B67D /* components */ = {
			isa = PBXGroup;
			children = (
				380259C32327461C00C50090 /* SpeechButtonView.swift */,
				369DFE2122F6BDD30005B67D /* InputField.swift */,
				36135D5622FB214600D17330 /* DateInputField.swift */,
				38EF4A7C22F82CFB007BB28A /* SwitchInput.swift */,
				36135D4B22F871B200D17330 /* TradeItemRow.swift */,
				3818556222FACB6300024542 /* TradeCell.swift */,
				38236C6B23028A8A00B67B8D /* EventCell.swift */,
				386865862302A3B9000BBD85 /* AllTradeTabbar.swift */,
				3868658B2303AE40000BBD85 /* ImageSetView.swift */,
				3695D2D92309112600AC2044 /* EventsGroupCell.swift */,
				3695D2DC23093E6D00AC2044 /* TextInput.swift */,
				3870C2C9230A86EA000C1996 /* MineSwitchRow.swift */,
				3870C2DD230A8A7C000C1996 /* MineTextRow.swift */,
				3870C2DF230A8FFC000C1996 /* MineDescriptionRow.swift */,
				3870C2E8230B9BFA000C1996 /* MarketServiceGroup.swift */,
				38970F242313CA76004E2660 /* TradeFunctionHeader.swift */,
				369923B523142F540000A71A /* TradeFunctionFilterView.swift */,
				38970F362314CDC9004E2660 /* TradeFuntionSortView.swift */,
				369923B9231431DD0000A71A /* TradeFunctionButtonsView.swift */,
				38970F322314BCDE004E2660 /* TradeFunctionContainerView.swift */,
				38970F3823151E9C004E2660 /* TradeFunctionTimeView.swift */,
				361DC9F0233114910025F3E1 /* UploadStateButton.swift */,
			);
			path = components;
			sourceTree = "<group>";
		};
		369DFE3322F6CD930005B67D /* base */ = {
			isa = PBXGroup;
			children = (
				369DFE3422F6CD930005B67D /* BaseViewController.swift */,
				369DFE3522F6CD930005B67D /* BaseNavigationController.swift */,
				369DFE3622F6CD930005B67D /* MainTabViewController.swift */,
			);
			path = base;
			sourceTree = "<group>";
		};
		369DFE3D22F708600005B67D /* Depends */ = {
			isa = PBXGroup;
			children = (
				38220DCF232F5769007955D0 /* jieba */,
				384CCA0F230D35B4006F0E3E /* XlsxReaderWriter */,
				369DFE3E22F708600005B67D /* Common */,
			);
			path = Depends;
			sourceTree = "<group>";
		};
		369DFE3E22F708600005B67D /* Common */ = {
			isa = PBXGroup;
			children = (
				369DFE3F22F708600005B67D /* Common.xcodeproj */,
			);
			path = Common;
			sourceTree = "<group>";
		};
		369DFE4022F708600005B67D /* Products */ = {
			isa = PBXGroup;
			children = (
				369DFEBA22F708600005B67D /* Common.framework */,
				369DFEBC22F708600005B67D /* CommonTests.xctest */,
			);
			name = Products;
			sourceTree = "<group>";
		};
		38220DCF232F5769007955D0 /* jieba */ = {
			isa = PBXGroup;
			children = (
				38220DD0232F5769007955D0 /* Segmentor.cpp */,
				38220DF7232F5769007955D0 /* Segmentor.h */,
				38220DD1232F5769007955D0 /* iosjieba.bundle */,
				38220DD2232F5769007955D0 /* CppJieba */,
			);
			path = jieba;
			sourceTree = "<group>";
		};
		38220DD2232F5769007955D0 /* CppJieba */ = {
			isa = PBXGroup;
			children = (
				38220DD3232F5769007955D0 /* DictTrie.hpp */,
				38220DD4232F5769007955D0 /* Unicode.hpp */,
				38220DD5232F5769007955D0 /* PreFilter.hpp */,
				38220DD6232F5769007955D0 /* FullSegment.hpp */,
				38220DD7232F5769007955D0 /* MixSegment.hpp */,
				38220DD8232F5769007955D0 /* MPSegment.hpp */,
				38220DD9232F5769007955D0 /* KeywordExtractor.hpp */,
				38220DDA232F5769007955D0 /* Jieba.hpp */,
				38220DDB232F5769007955D0 /* TextRankExtractor.hpp */,
				38220DDC232F5769007955D0 /* PosTagger.hpp */,
				38220DDD232F5769007955D0 /* Trie.hpp */,
				38220DDE232F5769007955D0 /* Limonp */,
				38220DF2232F5769007955D0 /* QuerySegment.hpp */,
				38220DF3232F5769007955D0 /* SegmentTagged.hpp */,
				38220DF4232F5769007955D0 /* HMMModel.hpp */,
				38220DF5232F5769007955D0 /* SegmentBase.hpp */,
				38220DF6232F5769007955D0 /* HMMSegment.hpp */,
			);
			path = CppJieba;
			sourceTree = "<group>";
		};
		38220DDE232F5769007955D0 /* Limonp */ = {
			isa = PBXGroup;
			children = (
				38220DDF232F5769007955D0 /* ThreadPool.hpp */,
				38220DE0232F5769007955D0 /* Colors.hpp */,
				38220DE1232F5769007955D0 /* StdExtension.hpp */,
				38220DE2232F5769007955D0 /* StringUtil.hpp */,
				38220DE3232F5769007955D0 /* LocalVector.hpp */,
				38220DE4232F5769007955D0 /* BlockingQueue.hpp */,
				38220DE5232F5769007955D0 /* Closure.hpp */,
				38220DE6232F5769007955D0 /* Config.hpp */,
				38220DE7232F5769007955D0 /* ForcePublic.hpp */,
				38220DE8232F5769007955D0 /* BoundedQueue.hpp */,
				38220DE9232F5769007955D0 /* ArgvContext.hpp */,
				38220DEA232F5769007955D0 /* Condition.hpp */,
				38220DEB232F5769007955D0 /* Md5.hpp */,
				38220DEC232F5769007955D0 /* Thread.hpp */,
				38220DED232F5769007955D0 /* MutexLock.hpp */,
				38220DEE232F5769007955D0 /* FileLock.hpp */,
				38220DEF232F5769007955D0 /* Logging.hpp */,
				38220DF0232F5769007955D0 /* NonCopyable.hpp */,
				38220DF1232F5769007955D0 /* BoundedBlockingQueue.hpp */,
			);
			path = Limonp;
			sourceTree = "<group>";
		};
		38236C64230105D700B67B8D /* Services */ = {
			isa = PBXGroup;
			children = (
				38236C66230105F000B67B8D /* TradeManger.swift */,
				3870C2E6230B8CD5000C1996 /* MarketManager.swift */,
				3870C2EA230BD117000C1996 /* LocalAuthManager.swift */,
				3870C2F7230CDD2A000C1996 /* XLSXManager.swift */,
				387F6100230E333D0057D48F /* ImagesManager.swift */,
				38775E25230E753800B697F5 /* CloudManager.swift */,
				38970F3A2316412A004E2660 /* AccountManager.swift */,
				38970F3C23164137004E2660 /* InviteManager.swift */,
				380259C123272EF400C50090 /* SpeechManager.swift */,
				380CCACD232A1FD8002AC4B8 /* CloudBackupQueue.swift */,
				38220DC3232F2C22007955D0 /* JieBaBridge.h */,
				38220DC4232F2C22007955D0 /* JieBaBridge.mm */,
				38FECDA22330C4F900232A9A /* WordAnalyzeHelp.swift */,
				38220DFA232F612C007955D0 /* WordAnalyze.swift */,
				38220DFF23307724007955D0 /* OptionalService.swift */,
			);
			path = Services;
			sourceTree = "<group>";
		};
		384CCA0F230D35B4006F0E3E /* XlsxReaderWriter */ = {
			isa = PBXGroup;
			children = (
				384CCA11230D35DD006F0E3E /* XlsxReaderWriter.xcodeproj */,
			);
			path = XlsxReaderWriter;
			sourceTree = "<group>";
		};
		384CCA12230D35DD006F0E3E /* Products */ = {
			isa = PBXGroup;
			children = (
				384CCA19230D35DD006F0E3E /* libXlsxReaderWriter.a */,
				384CCA1D230D35DD006F0E3E /* XlsxReaderWriter.framework */,
			);
			name = Products;
			sourceTree = "<group>";
		};
		3870C2CE230A8766000C1996 /* Extensions */ = {
			isa = PBXGroup;
			children = (
				3870C2CF230A8766000C1996 /* DispatchQueue+Extensions.swift */,
				3870C2D0230A8766000C1996 /* String+Extensions.swift */,
				3870C2D3230A8766000C1996 /* ConstraintMakerRelatable+Extensions.swift */,
				3870C2D4230A8766000C1996 /* UILabel+Extensions.swift */,
			);
			path = Extensions;
			sourceTree = "<group>";
		};
		38EF4A7022F7C9A6007BB28A /* Models */ = {
			isa = PBXGroup;
			children = (
				38EF4A7222F7C9C5007BB28A /* Trade.swift */,
				3818556622FBC30600024542 /* Event.swift */,
				3818556822FBC54C00024542 /* TradeItem.swift */,
				3818556A22FBC57700024542 /* TradeMedia.swift */,
				3870C2BF2306A1C8000C1996 /* Relationship.swift */,
			);
			path = Models;
			sourceTree = "<group>";
		};
		38EF4A7722F7D2D6007BB28A /* Realm */ = {
			isa = PBXGroup;
			children = (
				38EF4A7822F7D2D6007BB28A /* RealmManager.swift */,
				38EF4A7922F7D2D6007BB28A /* PrimaryKeyTable.swift */,
			);
			path = Realm;
			sourceTree = "<group>";
		};
		71B545BC70EC9E6699DCFCAF /* Pods */ = {
			isa = PBXGroup;
			children = (
				B12DA1992B17A1CABDA11D8E /* Pods-GiftMoney.debug.xcconfig */,
				FE4753A816F5D3C0997C58EC /* Pods-GiftMoney.release.xcconfig */,
				77429951A2D4E665BC0D3F1C /* Pods-GiftMoneyTests.debug.xcconfig */,
				C775E89F86737A9B2F74FE5B /* Pods-GiftMoneyTests.release.xcconfig */,
				9D936886169576D32657005B /* Pods-GiftMoneyUITests.debug.xcconfig */,
				7B0213D6FF91967F5765DFA8 /* Pods-GiftMoneyUITests.release.xcconfig */,
			);
			path = Pods;
			sourceTree = "<group>";
		};
		E63782FD40E14AE5A4748D9A /* Frameworks */ = {
			isa = PBXGroup;
			children = (
				38220DC6232F4E2F007955D0 /* xlsxwriter.framework */,
				380259E42328F26200C50090 /* SystemConfiguration.framework */,
				380259E22328F25900C50090 /* libsqlite3.tbd */,
				380259DE2328F24700C50090 /* CoreTelephony.framework */,
				360E722A231ACE3B001842EE /* CloudKit.framework */,
				38FAD6362319057400F28AA0 /* StoreKit.framework */,
				384CCA21230D3643006F0E3E /* libz.tbd */,
				7CFC11492E154530B342BA1B /* Pods_GiftMoney.framework */,
				0CD9619697E07FCCA3869C7E /* Pods_GiftMoneyTests.framework */,
				F2A6EF788216A996B40FFA38 /* Pods_GiftMoneyUITests.framework */,
			);
			name = Frameworks;
			sourceTree = "<group>";
		};
/* End PBXGroup section */

/* Begin PBXNativeTarget section */
		3649C75422F67FB9009AF83F /* GiftMoney */ = {
			isa = PBXNativeTarget;
			buildConfigurationList = 3649C78222F67FBD009AF83F /* Build configuration list for PBXNativeTarget "GiftMoney" */;
			buildPhases = (
				27983EF67EFC558EE43E8D40 /* [CP] Check Pods Manifest.lock */,
				3649C75122F67FB9009AF83F /* Sources */,
				3649C75222F67FB9009AF83F /* Frameworks */,
				3649C75322F67FB9009AF83F /* Resources */,
				369DFF2222F708D70005B67D /* [CP] Copy Carthage Frameworks */,
				369DFF2722F7094F0005B67D /* Embed Frameworks */,
				4CD2F51439ED1C411DE930BF /* [CP] Embed Pods Frameworks */,
			);
			buildRules = (
			);
			dependencies = (
				384CCA1F230D362B006F0E3E /* PBXTargetDependency */,
				369DFF2422F7093E0005B67D /* PBXTargetDependency */,
			);
			name = GiftMoney;
			productName = GiftMoney;
			productReference = 3649C75522F67FB9009AF83F /* GiftMoney.app */;
			productType = "com.apple.product-type.application";
		};
		3649C76D22F67FBD009AF83F /* GiftMoneyTests */ = {
			isa = PBXNativeTarget;
			buildConfigurationList = 3649C78522F67FBD009AF83F /* Build configuration list for PBXNativeTarget "GiftMoneyTests" */;
			buildPhases = (
				7C75B91B77296367744C9D9C /* [CP] Check Pods Manifest.lock */,
				3649C76A22F67FBD009AF83F /* Sources */,
				3649C76B22F67FBD009AF83F /* Frameworks */,
				3649C76C22F67FBD009AF83F /* Resources */,
			);
			buildRules = (
			);
			dependencies = (
				3649C77022F67FBD009AF83F /* PBXTargetDependency */,
			);
			name = GiftMoneyTests;
			productName = GiftMoneyTests;
			productReference = 3649C76E22F67FBD009AF83F /* GiftMoneyTests.xctest */;
			productType = "com.apple.product-type.bundle.unit-test";
		};
/* End PBXNativeTarget section */

/* Begin PBXProject section */
		3649C74D22F67FB9009AF83F /* Project object */ = {
			isa = PBXProject;
			attributes = {
				LastSwiftUpdateCheck = 1100;
				LastUpgradeCheck = 1100;
				ORGANIZATIONNAME = binea;
				TargetAttributes = {
					3649C75422F67FB9009AF83F = {
						CreatedOnToolsVersion = 11.0;
						LastSwiftMigration = 1100;
						SystemCapabilities = {
							com.apple.InAppPurchase = {
								enabled = 1;
							};
							com.apple.Push = {
								enabled = 0;
							};
							com.apple.iCloud = {
								enabled = 1;
							};
						};
					};
					3649C76D22F67FBD009AF83F = {
						CreatedOnToolsVersion = 11.0;
						TestTargetID = 3649C75422F67FB9009AF83F;
					};
				};
			};
			buildConfigurationList = 3649C75022F67FB9009AF83F /* Build configuration list for PBXProject "GiftMoney" */;
			compatibilityVersion = "Xcode 9.3";
			developmentRegion = en;
			hasScannedForEncodings = 0;
			knownRegions = (
				en,
				Base,
				"zh-Hans",
			);
			mainGroup = 3649C74C22F67FB9009AF83F;
			productRefGroup = 3649C75622F67FB9009AF83F /* Products */;
			projectDirPath = "";
			projectReferences = (
				{
					ProductGroup = 369DFE4022F708600005B67D /* Products */;
					ProjectRef = 369DFE3F22F708600005B67D /* Common.xcodeproj */;
				},
				{
					ProductGroup = 384CCA12230D35DD006F0E3E /* Products */;
					ProjectRef = 384CCA11230D35DD006F0E3E /* XlsxReaderWriter.xcodeproj */;
				},
			);
			projectRoot = "";
			targets = (
				3649C75422F67FB9009AF83F /* GiftMoney */,
				3649C76D22F67FBD009AF83F /* GiftMoneyTests */,
			);
		};
/* End PBXProject section */

/* Begin PBXReferenceProxy section */
		369DFEBA22F708600005B67D /* Common.framework */ = {
			isa = PBXReferenceProxy;
			fileType = wrapper.framework;
			path = Common.framework;
			remoteRef = 369DFEB922F708600005B67D /* PBXContainerItemProxy */;
			sourceTree = BUILT_PRODUCTS_DIR;
		};
		369DFEBC22F708600005B67D /* CommonTests.xctest */ = {
			isa = PBXReferenceProxy;
			fileType = wrapper.cfbundle;
			path = CommonTests.xctest;
			remoteRef = 369DFEBB22F708600005B67D /* PBXContainerItemProxy */;
			sourceTree = BUILT_PRODUCTS_DIR;
		};
		384CCA19230D35DD006F0E3E /* libXlsxReaderWriter.a */ = {
			isa = PBXReferenceProxy;
			fileType = archive.ar;
			path = libXlsxReaderWriter.a;
			remoteRef = 384CCA18230D35DD006F0E3E /* PBXContainerItemProxy */;
			sourceTree = BUILT_PRODUCTS_DIR;
		};
		384CCA1D230D35DD006F0E3E /* XlsxReaderWriter.framework */ = {
			isa = PBXReferenceProxy;
			fileType = wrapper.framework;
			path = XlsxReaderWriter.framework;
			remoteRef = 384CCA1C230D35DD006F0E3E /* PBXContainerItemProxy */;
			sourceTree = BUILT_PRODUCTS_DIR;
		};
/* End PBXReferenceProxy section */

/* Begin PBXResourcesBuildPhase section */
		3649C75322F67FB9009AF83F /* Resources */ = {
			isa = PBXResourcesBuildPhase;
			buildActionMask = 2147483647;
			files = (
				3870C2DC230A88E2000C1996 /* Main.storyboard in Resources */,
				38220DF9232F5769007955D0 /* iosjieba.bundle in Resources */,
				3649C76822F67FBD009AF83F /* LaunchScreen.storyboard in Resources */,
				3649C76522F67FBD009AF83F /* Assets.xcassets in Resources */,
			);
			runOnlyForDeploymentPostprocessing = 0;
		};
		3649C76C22F67FBD009AF83F /* Resources */ = {
			isa = PBXResourcesBuildPhase;
			buildActionMask = 2147483647;
			files = (
			);
			runOnlyForDeploymentPostprocessing = 0;
		};
/* End PBXResourcesBuildPhase section */

/* Begin PBXShellScriptBuildPhase section */
		27983EF67EFC558EE43E8D40 /* [CP] Check Pods Manifest.lock */ = {
			isa = PBXShellScriptBuildPhase;
			buildActionMask = 2147483647;
			files = (
			);
			inputFileListPaths = (
			);
			inputPaths = (
				"${PODS_PODFILE_DIR_PATH}/Podfile.lock",
				"${PODS_ROOT}/Manifest.lock",
			);
			name = "[CP] Check Pods Manifest.lock";
			outputFileListPaths = (
			);
			outputPaths = (
				"$(DERIVED_FILE_DIR)/Pods-GiftMoney-checkManifestLockResult.txt",
			);
			runOnlyForDeploymentPostprocessing = 0;
			shellPath = /bin/sh;
			shellScript = "diff \"${PODS_PODFILE_DIR_PATH}/Podfile.lock\" \"${PODS_ROOT}/Manifest.lock\" > /dev/null\nif [ $? != 0 ] ; then\n    # print error to STDERR\n    echo \"error: The sandbox is not in sync with the Podfile.lock. Run 'pod install' or update your CocoaPods installation.\" >&2\n    exit 1\nfi\n# This output is used by Xcode 'outputs' to avoid re-running this script phase.\necho \"SUCCESS\" > \"${SCRIPT_OUTPUT_FILE_0}\"\n";
			showEnvVarsInLog = 0;
		};
		369DFF2222F708D70005B67D /* [CP] Copy Carthage Frameworks */ = {
			isa = PBXShellScriptBuildPhase;
			buildActionMask = 2147483647;
			files = (
			);
			inputFileListPaths = (
			);
			inputPaths = (
				"$(SRCROOT)/Carthage/Build/iOS/MBProgressHUD.framework",
				"$(SRCROOT)/Carthage/Build/iOS/SnapKit.framework",
				"$(SRCROOT)/Carthage/Build/iOS/Realm.framework",
				"$(SRCROOT)/Carthage/Build/iOS/RealmSwift.framework",
				"$(SRCROOT)/Carthage/Build/iOS/SwiftyBeaver.framework",
				"$(SRCROOT)/Carthage/Build/iOS/RxBlocking.framework",
				"$(SRCROOT)/Carthage/Build/iOS/RxCocoa.framework",
				"$(SRCROOT)/Carthage/Build/iOS/RxRelay.framework",
				"$(SRCROOT)/Carthage/Build/iOS/RxSwift.framework",
				"$(SRCROOT)/Carthage/Build/iOS/IQKeyboardManagerSwift.framework",
				"$(SRCROOT)/Carthage/Build/iOS/ObjectMapper.framework",
				"$(SRCROOT)/Carthage/Build/iOS/TZImagePickerController.framework",
				"$(SRCROOT)/Carthage/Build/iOS/SKPhotoBrowser.framework",
				"$(SRCROOT)/Carthage/Build/iOS/CocoaLumberjackSwift.framework",
			);
			name = "[CP] Copy Carthage Frameworks";
			outputFileListPaths = (
			);
			outputPaths = (
			);
			runOnlyForDeploymentPostprocessing = 0;
			shellPath = /bin/sh;
			shellScript = "/usr/local/bin/carthage copy-frameworks\n";
		};
		4CD2F51439ED1C411DE930BF /* [CP] Embed Pods Frameworks */ = {
			isa = PBXShellScriptBuildPhase;
			buildActionMask = 2147483647;
			files = (
			);
			inputFileListPaths = (
				"${PODS_ROOT}/Target Support Files/Pods-GiftMoney/Pods-GiftMoney-frameworks-${CONFIGURATION}-input-files.xcfilelist",
			);
			inputPaths = (
			);
			name = "[CP] Embed Pods Frameworks";
			outputFileListPaths = (
				"${PODS_ROOT}/Target Support Files/Pods-GiftMoney/Pods-GiftMoney-frameworks-${CONFIGURATION}-output-files.xcfilelist",
			);
			outputPaths = (
			);
			runOnlyForDeploymentPostprocessing = 0;
			shellPath = /bin/sh;
			shellScript = "\"${PODS_ROOT}/Target Support Files/Pods-GiftMoney/Pods-GiftMoney-frameworks.sh\"\n";
			showEnvVarsInLog = 0;
		};
		7C75B91B77296367744C9D9C /* [CP] Check Pods Manifest.lock */ = {
			isa = PBXShellScriptBuildPhase;
			buildActionMask = 2147483647;
			files = (
			);
			inputFileListPaths = (
			);
			inputPaths = (
				"${PODS_PODFILE_DIR_PATH}/Podfile.lock",
				"${PODS_ROOT}/Manifest.lock",
			);
			name = "[CP] Check Pods Manifest.lock";
			outputFileListPaths = (
			);
			outputPaths = (
				"$(DERIVED_FILE_DIR)/Pods-GiftMoneyTests-checkManifestLockResult.txt",
			);
			runOnlyForDeploymentPostprocessing = 0;
			shellPath = /bin/sh;
			shellScript = "diff \"${PODS_PODFILE_DIR_PATH}/Podfile.lock\" \"${PODS_ROOT}/Manifest.lock\" > /dev/null\nif [ $? != 0 ] ; then\n    # print error to STDERR\n    echo \"error: The sandbox is not in sync with the Podfile.lock. Run 'pod install' or update your CocoaPods installation.\" >&2\n    exit 1\nfi\n# This output is used by Xcode 'outputs' to avoid re-running this script phase.\necho \"SUCCESS\" > \"${SCRIPT_OUTPUT_FILE_0}\"\n";
			showEnvVarsInLog = 0;
		};
/* End PBXShellScriptBuildPhase section */

/* Begin PBXSourcesBuildPhase section */
		3649C75122F67FB9009AF83F /* Sources */ = {
			isa = PBXSourcesBuildPhase;
			buildActionMask = 2147483647;
			files = (
				38FECDA32330C4F900232A9A /* WordAnalyzeHelp.swift in Sources */,
				38775E26230E753800B697F5 /* CloudManager.swift in Sources */,
				38220DFB232F612C007955D0 /* WordAnalyze.swift in Sources */,
				369DFE1122F68F270005B67D /* UIColor+appTheme.swift in Sources */,
				3649C75D22F67FB9009AF83F /* ViewController.swift in Sources */,
				38970F372314CDC9004E2660 /* TradeFuntionSortView.swift in Sources */,
				3870C2F8230CDD2A000C1996 /* XLSXManager.swift in Sources */,
				38970F3F231647AD004E2660 /* InviteCodeVC.swift in Sources */,
				3870C2DA230A8766000C1996 /* UILabel+Extensions.swift in Sources */,
				3695D2D723090B3600AC2044 /* InAccountEventGroupVC.swift in Sources */,
				38EF4A7B22F7D2D6007BB28A /* PrimaryKeyTable.swift in Sources */,
				369DFE1F22F6BD8A0005B67D /* AddTradeViewController.swift in Sources */,
				3870C2C7230A3C79000C1996 /* SearchTradeVC.swift in Sources */,
				3870C2EB230BD117000C1996 /* LocalAuthManager.swift in Sources */,
				3870C2DE230A8A7C000C1996 /* MineTextRow.swift in Sources */,
				3649C79022F68644009AF83F /* InAccountTradeVC.swift in Sources */,
				3695D2DD23093E6D00AC2044 /* TextInput.swift in Sources */,
				3649C79422F6869B009AF83F /* StatisticsViewController.swift in Sources */,
				3870C2D5230A8766000C1996 /* DispatchQueue+Extensions.swift in Sources */,
				38EF4A7322F7C9C5007BB28A /* Trade.swift in Sources */,
				386865872302A3B9000BBD85 /* AllTradeTabbar.swift in Sources */,
				38EF4A7D22F82CFB007BB28A /* SwitchInput.swift in Sources */,
				3818556722FBC30700024542 /* Event.swift in Sources */,
				36294C802300429000819539 /* EventEditeViewController.swift in Sources */,
				3818556922FBC54C00024542 /* TradeItem.swift in Sources */,
				3818556322FACB6300024542 /* TradeCell.swift in Sources */,
				38970F332314BCDE004E2660 /* TradeFunctionContainerView.swift in Sources */,
				38970F3D23164137004E2660 /* InviteManager.swift in Sources */,
				3870C2D6230A8766000C1996 /* String+Extensions.swift in Sources */,
				369DFE3922F6CD930005B67D /* MainTabViewController.swift in Sources */,
				38220DC5232F2C22007955D0 /* JieBaBridge.mm in Sources */,
				3870C2E4230B8C22000C1996 /* MarketVC.swift in Sources */,
				369923B623142F540000A71A /* TradeFunctionFilterView.swift in Sources */,
				38970F3923151E9C004E2660 /* TradeFunctionTimeView.swift in Sources */,
				369DFE3722F6CD930005B67D /* BaseViewController.swift in Sources */,
				380259C42327461C00C50090 /* SpeechButtonView.swift in Sources */,
				38236C67230105F000B67B8D /* TradeManger.swift in Sources */,
				36135D4C22F871B200D17330 /* TradeItemRow.swift in Sources */,
				369923BA231431DD0000A71A /* TradeFunctionButtonsView.swift in Sources */,
				369DFE2222F6BDD30005B67D /* InputField.swift in Sources */,
				3870C2E7230B8CD5000C1996 /* MarketManager.swift in Sources */,
				386865802302A0FE000BBD85 /* OutAccountTradeVC.swift in Sources */,
				361DC9F323312FAB0025F3E1 /* SpeechHelpVC.swift in Sources */,
				38EF4A7A22F7D2D6007BB28A /* RealmManager.swift in Sources */,
				3870C2E9230B9BFA000C1996 /* MarketServiceGroup.swift in Sources */,
				369DFE3822F6CD930005B67D /* BaseNavigationController.swift in Sources */,
				3649C79222F68679009AF83F /* MineViewController.swift in Sources */,
				3695D2DA2309112600AC2044 /* EventsGroupCell.swift in Sources */,
				38970F252313CA76004E2660 /* TradeFunctionHeader.swift in Sources */,
				3695D2E023098E5F00AC2044 /* EventGroupModifyVC.swift in Sources */,
				3870C2BE2306A0EB000C1996 /* RelationEditeVC.swift in Sources */,
				38775E4C230FEDDB00B697F5 /* AboutUsVC.swift in Sources */,
				38236C6C23028A8A00B67B8D /* EventCell.swift in Sources */,
				3868658C2303AE40000BBD85 /* ImageSetView.swift in Sources */,
				3620B8AF232B8CC000393329 /* RealtimeAnalyzer.swift in Sources */,
				3870C2D9230A8766000C1996 /* ConstraintMakerRelatable+Extensions.swift in Sources */,
				3649C75922F67FB9009AF83F /* AppDelegate.swift in Sources */,
				3649C75B22F67FB9009AF83F /* SceneDelegate.swift in Sources */,
				38970F3B2316412A004E2660 /* AccountManager.swift in Sources */,
				380259C223272EF400C50090 /* SpeechManager.swift in Sources */,
				36135D5422F9B02100D17330 /* Form.swift in Sources */,
				361DC9F1233114910025F3E1 /* UploadStateButton.swift in Sources */,
				38220DF8232F5769007955D0 /* Segmentor.cpp in Sources */,
				380CCACE232A1FD8002AC4B8 /* CloudBackupQueue.swift in Sources */,
				3870C2CA230A86EA000C1996 /* MineSwitchRow.swift in Sources */,
				3870C2ED230BD4C5000C1996 /* LocalAuthVC.swift in Sources */,
				38FAD6302317BE2300F28AA0 /* FillInviteCodeVC.swift in Sources */,
				36135D2722F728AC00D17330 /* UIFont+appTheme.swift in Sources */,
				3870C2C02306A1C8000C1996 /* Relationship.swift in Sources */,
				36135D2422F7289800D17330 /* ScreenHelp.swift in Sources */,
				386865842302A1F9000BBD85 /* AllTradesVC.swift in Sources */,
				38C8491E230D0E7B00900E88 /* TempExcelPreviewVC.swift in Sources */,
				36135D5722FB214700D17330 /* DateInputField.swift in Sources */,
				387F6101230E333D0057D48F /* ImagesManager.swift in Sources */,
				38220E0023307724007955D0 /* OptionalService.swift in Sources */,
				3870C2E0230A8FFC000C1996 /* MineDescriptionRow.swift in Sources */,
				3818556B22FBC57700024542 /* TradeMedia.swift in Sources */,
			);
			runOnlyForDeploymentPostprocessing = 0;
		};
		3649C76A22F67FBD009AF83F /* Sources */ = {
			isa = PBXSourcesBuildPhase;
			buildActionMask = 2147483647;
			files = (
				3649C77322F67FBD009AF83F /* GiftMoneyTests.swift in Sources */,
			);
			runOnlyForDeploymentPostprocessing = 0;
		};
/* End PBXSourcesBuildPhase section */

/* Begin PBXTargetDependency section */
		3649C77022F67FBD009AF83F /* PBXTargetDependency */ = {
			isa = PBXTargetDependency;
			target = 3649C75422F67FB9009AF83F /* GiftMoney */;
			targetProxy = 3649C76F22F67FBD009AF83F /* PBXContainerItemProxy */;
		};
		369DFF2422F7093E0005B67D /* PBXTargetDependency */ = {
			isa = PBXTargetDependency;
			name = Common;
			targetProxy = 369DFF2322F7093E0005B67D /* PBXContainerItemProxy */;
		};
		384CCA1F230D362B006F0E3E /* PBXTargetDependency */ = {
			isa = PBXTargetDependency;
			name = XlsxReaderWriter;
			targetProxy = 384CCA1E230D362B006F0E3E /* PBXContainerItemProxy */;
		};
/* End PBXTargetDependency section */

/* Begin PBXVariantGroup section */
		3649C76622F67FBD009AF83F /* LaunchScreen.storyboard */ = {
			isa = PBXVariantGroup;
			children = (
				3649C76722F67FBD009AF83F /* Base */,
				380259C82328BC5400C50090 /* zh-Hans */,
			);
			name = LaunchScreen.storyboard;
			sourceTree = "<group>";
		};
/* End PBXVariantGroup section */

/* Begin XCBuildConfiguration section */
		3649C78022F67FBD009AF83F /* Debug */ = {
			isa = XCBuildConfiguration;
			buildSettings = {
				ALWAYS_SEARCH_USER_PATHS = NO;
				CLANG_ANALYZER_LOCALIZABILITY_NONLOCALIZED = YES;
				CLANG_ANALYZER_NONNULL = YES;
				CLANG_ANALYZER_NUMBER_OBJECT_CONVERSION = YES_AGGRESSIVE;
				CLANG_CXX_LANGUAGE_STANDARD = "gnu++14";
				CLANG_CXX_LIBRARY = "libc++";
				CLANG_ENABLE_MODULES = YES;
				CLANG_ENABLE_OBJC_ARC = YES;
				CLANG_ENABLE_OBJC_WEAK = YES;
				CLANG_WARN_BLOCK_CAPTURE_AUTORELEASING = YES;
				CLANG_WARN_BOOL_CONVERSION = YES;
				CLANG_WARN_COMMA = YES;
				CLANG_WARN_CONSTANT_CONVERSION = YES;
				CLANG_WARN_DEPRECATED_OBJC_IMPLEMENTATIONS = YES;
				CLANG_WARN_DIRECT_OBJC_ISA_USAGE = YES_ERROR;
				CLANG_WARN_DOCUMENTATION_COMMENTS = YES;
				CLANG_WARN_EMPTY_BODY = YES;
				CLANG_WARN_ENUM_CONVERSION = YES;
				CLANG_WARN_INFINITE_RECURSION = YES;
				CLANG_WARN_INT_CONVERSION = YES;
				CLANG_WARN_NON_LITERAL_NULL_CONVERSION = YES;
				CLANG_WARN_OBJC_IMPLICIT_RETAIN_SELF = YES;
				CLANG_WARN_OBJC_LITERAL_CONVERSION = YES;
				CLANG_WARN_OBJC_ROOT_CLASS = YES_ERROR;
				CLANG_WARN_RANGE_LOOP_ANALYSIS = YES;
				CLANG_WARN_STRICT_PROTOTYPES = YES;
				CLANG_WARN_SUSPICIOUS_MOVE = YES;
				CLANG_WARN_UNGUARDED_AVAILABILITY = YES_AGGRESSIVE;
				CLANG_WARN_UNREACHABLE_CODE = YES;
				CLANG_WARN__DUPLICATE_METHOD_MATCH = YES;
				COPY_PHASE_STRIP = NO;
				DEBUG_INFORMATION_FORMAT = dwarf;
				ENABLE_STRICT_OBJC_MSGSEND = YES;
				ENABLE_TESTABILITY = YES;
				FRAMEWORK_SEARCH_PATHS = "$(SRCROOT)/Carthage/Build/iOS";
				GCC_C_LANGUAGE_STANDARD = gnu11;
				GCC_DYNAMIC_NO_PIC = NO;
				GCC_NO_COMMON_BLOCKS = YES;
				GCC_OPTIMIZATION_LEVEL = 0;
				GCC_PREPROCESSOR_DEFINITIONS = (
					"DEBUG=1",
					"$(inherited)",
				);
				GCC_WARN_64_TO_32_BIT_CONVERSION = YES;
				GCC_WARN_ABOUT_RETURN_TYPE = YES_ERROR;
				GCC_WARN_UNDECLARED_SELECTOR = YES;
				GCC_WARN_UNINITIALIZED_AUTOS = YES_AGGRESSIVE;
				GCC_WARN_UNUSED_FUNCTION = YES;
				GCC_WARN_UNUSED_VARIABLE = YES;
				IPHONEOS_DEPLOYMENT_TARGET = 13.0;
				MTL_ENABLE_DEBUG_INFO = INCLUDE_SOURCE;
				MTL_FAST_MATH = YES;
				ONLY_ACTIVE_ARCH = YES;
				SDKROOT = iphoneos;
				SWIFT_ACTIVE_COMPILATION_CONDITIONS = DEBUG;
				SWIFT_OPTIMIZATION_LEVEL = "-Onone";
			};
			name = Debug;
		};
		3649C78122F67FBD009AF83F /* Release */ = {
			isa = XCBuildConfiguration;
			buildSettings = {
				ALWAYS_SEARCH_USER_PATHS = NO;
				CLANG_ANALYZER_LOCALIZABILITY_NONLOCALIZED = YES;
				CLANG_ANALYZER_NONNULL = YES;
				CLANG_ANALYZER_NUMBER_OBJECT_CONVERSION = YES_AGGRESSIVE;
				CLANG_CXX_LANGUAGE_STANDARD = "gnu++14";
				CLANG_CXX_LIBRARY = "libc++";
				CLANG_ENABLE_MODULES = YES;
				CLANG_ENABLE_OBJC_ARC = YES;
				CLANG_ENABLE_OBJC_WEAK = YES;
				CLANG_WARN_BLOCK_CAPTURE_AUTORELEASING = YES;
				CLANG_WARN_BOOL_CONVERSION = YES;
				CLANG_WARN_COMMA = YES;
				CLANG_WARN_CONSTANT_CONVERSION = YES;
				CLANG_WARN_DEPRECATED_OBJC_IMPLEMENTATIONS = YES;
				CLANG_WARN_DIRECT_OBJC_ISA_USAGE = YES_ERROR;
				CLANG_WARN_DOCUMENTATION_COMMENTS = YES;
				CLANG_WARN_EMPTY_BODY = YES;
				CLANG_WARN_ENUM_CONVERSION = YES;
				CLANG_WARN_INFINITE_RECURSION = YES;
				CLANG_WARN_INT_CONVERSION = YES;
				CLANG_WARN_NON_LITERAL_NULL_CONVERSION = YES;
				CLANG_WARN_OBJC_IMPLICIT_RETAIN_SELF = YES;
				CLANG_WARN_OBJC_LITERAL_CONVERSION = YES;
				CLANG_WARN_OBJC_ROOT_CLASS = YES_ERROR;
				CLANG_WARN_RANGE_LOOP_ANALYSIS = YES;
				CLANG_WARN_STRICT_PROTOTYPES = YES;
				CLANG_WARN_SUSPICIOUS_MOVE = YES;
				CLANG_WARN_UNGUARDED_AVAILABILITY = YES_AGGRESSIVE;
				CLANG_WARN_UNREACHABLE_CODE = YES;
				CLANG_WARN__DUPLICATE_METHOD_MATCH = YES;
				COPY_PHASE_STRIP = NO;
				DEBUG_INFORMATION_FORMAT = "dwarf-with-dsym";
				ENABLE_NS_ASSERTIONS = NO;
				ENABLE_STRICT_OBJC_MSGSEND = YES;
				FRAMEWORK_SEARCH_PATHS = "$(SRCROOT)/Carthage/Build/iOS";
				GCC_C_LANGUAGE_STANDARD = gnu11;
				GCC_NO_COMMON_BLOCKS = YES;
				GCC_WARN_64_TO_32_BIT_CONVERSION = YES;
				GCC_WARN_ABOUT_RETURN_TYPE = YES_ERROR;
				GCC_WARN_UNDECLARED_SELECTOR = YES;
				GCC_WARN_UNINITIALIZED_AUTOS = YES_AGGRESSIVE;
				GCC_WARN_UNUSED_FUNCTION = YES;
				GCC_WARN_UNUSED_VARIABLE = YES;
				IPHONEOS_DEPLOYMENT_TARGET = 13.0;
				MTL_ENABLE_DEBUG_INFO = NO;
				MTL_FAST_MATH = YES;
				SDKROOT = iphoneos;
				SWIFT_COMPILATION_MODE = wholemodule;
				SWIFT_OPTIMIZATION_LEVEL = "-O";
				VALIDATE_PRODUCT = YES;
			};
			name = Release;
		};
		3649C78322F67FBD009AF83F /* Debug */ = {
			isa = XCBuildConfiguration;
			baseConfigurationReference = B12DA1992B17A1CABDA11D8E /* Pods-GiftMoney.debug.xcconfig */;
			buildSettings = {
				ASSETCATALOG_COMPILER_APPICON_NAME = AppIcon;
				CLANG_CXX_LANGUAGE_STANDARD = "gnu++0x";
				CLANG_ENABLE_MODULES = YES;
				CODE_SIGN_ENTITLEMENTS = GiftMoney/GiftMoney.entitlements;
				CODE_SIGN_IDENTITY = "iPhone Developer";
				CODE_SIGN_STYLE = Manual;
				DEVELOPMENT_TEAM = EG49RAY3R6;
				GCC_C_LANGUAGE_STANDARD = gnu99;
				HEADER_SEARCH_PATHS = (
					"$(inherited)",
					"\"${PODS_CONFIGURATION_BUILD_DIR}/libxlsxwriter/xlsxwriter.framework/Headers\"",
					"$(SRCROOT)/Depends/XlsxReaderWriter/XlsxReaderWriter",
					"$(SRCROOT)/Depends/XlsxReaderWriter/ThirdParties/**",
				);
				INFOPLIST_FILE = GiftMoney/Info.plist;
				IPHONEOS_DEPLOYMENT_TARGET = 11.0;
				LD_RUNPATH_SEARCH_PATHS = (
					"$(inherited)",
					"@executable_path/Frameworks",
				);
				MARKETING_VERSION = 1.0;
				OTHER_LDFLAGS = (
					"$(inherited)",
					"-l\"z\"",
					"-framework",
					"\"xlsxwriter\"",
					"-all_load",
				);
				PRODUCT_BUNDLE_IDENTIFIER = andybin.giftmoney;
				PRODUCT_NAME = "$(TARGET_NAME)";
				PROVISIONING_PROFILE_SPECIFIER = GiftMoney_DEV;
				SWIFT_OBJC_BRIDGING_HEADER = "GiftMoney/GiftMoney-Bridging-Header.h";
				SWIFT_OPTIMIZATION_LEVEL = "-Onone";
				SWIFT_VERSION = 5.0;
				TARGETED_DEVICE_FAMILY = "1,2";
			};
			name = Debug;
		};
		3649C78422F67FBD009AF83F /* Release */ = {
			isa = XCBuildConfiguration;
			baseConfigurationReference = FE4753A816F5D3C0997C58EC /* Pods-GiftMoney.release.xcconfig */;
			buildSettings = {
				ASSETCATALOG_COMPILER_APPICON_NAME = AppIcon;
				CLANG_CXX_LANGUAGE_STANDARD = "gnu++0x";
				CLANG_ENABLE_MODULES = YES;
				CODE_SIGN_ENTITLEMENTS = GiftMoney/GiftMoney.entitlements;
				CODE_SIGN_IDENTITY = "iPhone Distribution";
				CODE_SIGN_STYLE = Manual;
				DEVELOPMENT_TEAM = EG49RAY3R6;
				GCC_C_LANGUAGE_STANDARD = gnu99;
				HEADER_SEARCH_PATHS = (
					"$(inherited)",
					"\"${PODS_CONFIGURATION_BUILD_DIR}/libxlsxwriter/xlsxwriter.framework/Headers\"",
					"$(SRCROOT)/Depends/XlsxReaderWriter/XlsxReaderWriter",
					"$(SRCROOT)/Depends/XlsxReaderWriter/ThirdParties/**",
				);
				INFOPLIST_FILE = GiftMoney/Info.plist;
				IPHONEOS_DEPLOYMENT_TARGET = 11.0;
				LD_RUNPATH_SEARCH_PATHS = (
					"$(inherited)",
					"@executable_path/Frameworks",
				);
				MARKETING_VERSION = 1.0;
				OTHER_LDFLAGS = (
					"$(inherited)",
					"-l\"z\"",
					"-framework",
					"\"xlsxwriter\"",
					"-all_load",
				);
				PRODUCT_BUNDLE_IDENTIFIER = andybin.giftmoney;
				PRODUCT_NAME = "$(TARGET_NAME)";
				PROVISIONING_PROFILE_SPECIFIER = GiftMoney_AppStore;
				SWIFT_OBJC_BRIDGING_HEADER = "GiftMoney/GiftMoney-Bridging-Header.h";
				SWIFT_VERSION = 5.0;
				TARGETED_DEVICE_FAMILY = "1,2";
			};
			name = Release;
		};
		3649C78622F67FBD009AF83F /* Debug */ = {
			isa = XCBuildConfiguration;
			baseConfigurationReference = 77429951A2D4E665BC0D3F1C /* Pods-GiftMoneyTests.debug.xcconfig */;
			buildSettings = {
				ALWAYS_EMBED_SWIFT_STANDARD_LIBRARIES = YES;
				BUNDLE_LOADER = "$(TEST_HOST)";
				CODE_SIGN_IDENTITY = "iPhone Developer";
				CODE_SIGN_STYLE = Manual;
				DEVELOPMENT_TEAM = EG49RAY3R6;
				HEADER_SEARCH_PATHS = (
					"$(inherited)",
					"\"${PODS_CONFIGURATION_BUILD_DIR}/DZNEmptyDataSet/DZNEmptyDataSet.framework/Headers\"",
					"\"${PODS_CONFIGURATION_BUILD_DIR}/libxlsxwriter/xlsxwriter.framework/Headers\"",
					"$(SRCROOT)/Depends/XlsxReaderWriter/XlsxReaderWriter",
					"$(SRCROOT)/Depends/XlsxReaderWriter/ThirdParties/**",
				);
				INFOPLIST_FILE = GiftMoneyTests/Info.plist;
				LD_RUNPATH_SEARCH_PATHS = (
					"$(inherited)",
					"@executable_path/Frameworks",
					"@loader_path/Frameworks",
				);
				PRODUCT_BUNDLE_IDENTIFIER = com.andybin.GiftMoneyTests;
				PRODUCT_NAME = "$(TARGET_NAME)";
				PROVISIONING_PROFILE_SPECIFIER = "";
				SWIFT_VERSION = 5.0;
				TARGETED_DEVICE_FAMILY = "1,2";
				TEST_HOST = "$(BUILT_PRODUCTS_DIR)/GiftMoney.app/GiftMoney";
			};
			name = Debug;
		};
		3649C78722F67FBD009AF83F /* Release */ = {
			isa = XCBuildConfiguration;
			baseConfigurationReference = C775E89F86737A9B2F74FE5B /* Pods-GiftMoneyTests.release.xcconfig */;
			buildSettings = {
				ALWAYS_EMBED_SWIFT_STANDARD_LIBRARIES = YES;
				BUNDLE_LOADER = "$(TEST_HOST)";
				CODE_SIGN_IDENTITY = "iPhone Distribution";
				CODE_SIGN_STYLE = Manual;
				DEVELOPMENT_TEAM = EG49RAY3R6;
				HEADER_SEARCH_PATHS = (
					"$(inherited)",
					"\"${PODS_CONFIGURATION_BUILD_DIR}/DZNEmptyDataSet/DZNEmptyDataSet.framework/Headers\"",
					"\"${PODS_CONFIGURATION_BUILD_DIR}/libxlsxwriter/xlsxwriter.framework/Headers\"",
					"$(SRCROOT)/Depends/XlsxReaderWriter/XlsxReaderWriter",
					"$(SRCROOT)/Depends/XlsxReaderWriter/ThirdParties/**",
				);
				INFOPLIST_FILE = GiftMoneyTests/Info.plist;
				LD_RUNPATH_SEARCH_PATHS = (
					"$(inherited)",
					"@executable_path/Frameworks",
					"@loader_path/Frameworks",
				);
				PRODUCT_BUNDLE_IDENTIFIER = com.andybin.GiftMoneyTests;
				PRODUCT_NAME = "$(TARGET_NAME)";
				PROVISIONING_PROFILE_SPECIFIER = "";
				SWIFT_VERSION = 5.0;
				TARGETED_DEVICE_FAMILY = "1,2";
				TEST_HOST = "$(BUILT_PRODUCTS_DIR)/GiftMoney.app/GiftMoney";
			};
			name = Release;
		};
/* End XCBuildConfiguration section */

/* Begin XCConfigurationList section */
		3649C75022F67FB9009AF83F /* Build configuration list for PBXProject "GiftMoney" */ = {
			isa = XCConfigurationList;
			buildConfigurations = (
				3649C78022F67FBD009AF83F /* Debug */,
				3649C78122F67FBD009AF83F /* Release */,
			);
			defaultConfigurationIsVisible = 0;
			defaultConfigurationName = Release;
		};
		3649C78222F67FBD009AF83F /* Build configuration list for PBXNativeTarget "GiftMoney" */ = {
			isa = XCConfigurationList;
			buildConfigurations = (
				3649C78322F67FBD009AF83F /* Debug */,
				3649C78422F67FBD009AF83F /* Release */,
			);
			defaultConfigurationIsVisible = 0;
			defaultConfigurationName = Release;
		};
		3649C78522F67FBD009AF83F /* Build configuration list for PBXNativeTarget "GiftMoneyTests" */ = {
			isa = XCConfigurationList;
			buildConfigurations = (
				3649C78622F67FBD009AF83F /* Debug */,
				3649C78722F67FBD009AF83F /* Release */,
			);
			defaultConfigurationIsVisible = 0;
			defaultConfigurationName = Release;
		};
/* End XCConfigurationList section */
	};
	rootObject = 3649C74D22F67FB9009AF83F /* Project object */;
}
